
Microsoft Visual Studio Solution File, Format Version 12.00
# Visual Studio Version 16
VisualStudioVersion = 16.0.30114.105
MinimumVisualStudioVersion = 10.0.40219.1
Project("{2150E333-8FDC-42A3-9474-1A3956D46DE8}") = "External", "External", "{0FDA2352-7F13-47C9-A014-731419C1AC1C}"
EndProject
Project("{FAE04EC0-301F-11D3-BF4B-00C04F79EFBC}") = "FNA3D-cs", "ext\FNA3D-cs\src\cs\production\FNA3D-cs\FNA3D-cs.csproj", "{83185C3B-64C0-4E23-B6EC-B757EF32FDF8}"
EndProject
Project("{FAE04EC0-301F-11D3-BF4B-00C04F79EFBC}") = "SDL-cs", "ext\sdl-cs\src\cs\production\SDL-cs\SDL-cs.csproj", "{167A9EFE-BF38-4C38-A750-252AFF7849CF}"
EndProject
Project("{FAE04EC0-301F-11D3-BF4B-00C04F79EFBC}") = "imgui-cs", "ext\imgui-cs\src\cs\production\imgui-cs\imgui-cs.csproj", "{FF93619B-48F2-4F75-B368-36A439C47749}"
EndProject
Project("{2150E333-8FDC-42A3-9474-1A3956D46DE8}") = "Games", "Games", "{412996A6-B849-4293-AB31-3A72DA4362FD}"
EndProject
Project("{FAE04EC0-301F-11D3-BF4B-00C04F79EFBC}") = "VectorVenture", "src\cs\games\VectorVenture\VectorVenture.csproj", "{D9763D2B-0F3D-4210-A5CC-EE206F62F111}"
EndProject
Project("{2150E333-8FDC-42A3-9474-1A3956D46DE8}") = "Platforms", "Platforms", "{79FA232B-167E-4CBF-8572-218292FEC2C7}"
EndProject
Project("{FAE04EC0-301F-11D3-BF4B-00C04F79EFBC}") = "Katabasis.Platform.linux-x64", "src\cs\platforms\Katabasis.Platform.linux-x64\Katabasis.Platform.linux-x64.csproj", "{23294940-6E7D-402F-A4DC-5057597F6CCF}"
EndProject
Project("{FAE04EC0-301F-11D3-BF4B-00C04F79EFBC}") = "Katabasis.Platform.win-x64", "src\cs\platforms\Katabasis.Platform.win-x64\Katabasis.Platform.win-x64.csproj", "{D932DC66-2A9A-460A-BCF7-22472FC7FCCA}"
EndProject
Project("{FAE04EC0-301F-11D3-BF4B-00C04F79EFBC}") = "Katabasis.Platform.osx-x64", "src\cs\platforms\Katabasis.Platform.osx-x64\Katabasis.Platform.osx-x64.csproj", "{1444CED1-FA33-4372-B716-981E1EBD81AB}"
EndProject
Project("{FAE04EC0-301F-11D3-BF4B-00C04F79EFBC}") = "Katabasis.Platform", "src\cs\platforms\Katabasis.Platform\Katabasis.Platform.csproj", "{23568EB8-F605-44D4-B8FC-B4797AE3B4D4}"
EndProject
Project("{2150E333-8FDC-42A3-9474-1A3956D46DE8}") = "Production", "Production", "{4512F24B-1568-444E-915A-810DF518DE81}"
EndProject
Project("{FAE04EC0-301F-11D3-BF4B-00C04F79EFBC}") = "Katabasis.Framework", "src\cs\production\Katabasis.Framework\Katabasis.Framework.csproj", "{D867D6BC-E023-4FFE-981A-3C21A961FEC8}"
EndProject
Project("{FAE04EC0-301F-11D3-BF4B-00C04F79EFBC}") = "Katabasis.Extended", "src\cs\production\Katabasis.Extended\Katabasis.Extended.csproj", "{CFBCCFCF-522F-42ED-9F42-A40D172152E9}"
EndProject
Project("{FAE04EC0-301F-11D3-BF4B-00C04F79EFBC}") = "Katabasis.Assetyard", "src\cs\production\Katabasis.Assetyard\Katabasis.Assetyard.csproj", "{82696453-2D0E-496F-9D16-F0F156050ADB}"
EndProject
Project("{2150E333-8FDC-42A3-9474-1A3956D46DE8}") = "Samples", "Samples", "{C97F28F8-C889-4BF9-84E3-52DD0C1AB1FD}"
EndProject
Project("{2150E333-8FDC-42A3-9474-1A3956D46DE8}") = "Graphics", "Graphics", "{5630F52F-E189-4FA0-92DC-95687895ADA6}"
EndProject
Project("{FAE04EC0-301F-11D3-BF4B-00C04F79EFBC}") = "Katabasis.Samples.Graphics.01-Clear", "src\cs\samples\graphics\Katabasis.Samples.Graphics.01-Clear\Katabasis.Samples.Graphics.01-Clear.csproj", "{2965CDF5-4884-493A-B703-56D152739B94}"
EndProject
Project("{FAE04EC0-301F-11D3-BF4B-00C04F79EFBC}") = "Katabasis.Samples.Graphics.03-Rectangle", "src\cs\samples\graphics\Katabasis.Samples.Graphics.03-Rectangle\Katabasis.Samples.Graphics.03-Rectangle.csproj", "{96C5178D-21D6-46E4-A3B8-BFD76DA5A13A}"
EndProject
Project("{FAE04EC0-301F-11D3-BF4B-00C04F79EFBC}") = "Katabasis.Samples.Graphics.02-Triangle", "src\cs\samples\graphics\Katabasis.Samples.Graphics.02-Triangle\Katabasis.Samples.Graphics.02-Triangle.csproj", "{D6DC9CA1-0A1A-41F5-B097-9BDB305213A9}"
EndProject
Project("{FAE04EC0-301F-11D3-BF4B-00C04F79EFBC}") = "Katabasis.Samples.Graphics.04-BufferOffsets", "src\cs\samples\graphics\Katabasis.Samples.Graphics.04-BufferOffsets\Katabasis.Samples.Graphics.04-BufferOffsets.csproj", "{4D67004D-B675-4568-BF83-0C7923F65A87}"
EndProject
Project("{FAE04EC0-301F-11D3-BF4B-00C04F79EFBC}") = "Katabasis.Samples.Graphics.05-Cube", "src\cs\samples\graphics\Katabasis.Samples.Graphics.05-Cube\Katabasis.Samples.Graphics.05-Cube.csproj", "{C6757AFF-F21A-410B-894B-0B0E58D5FE73}"
EndProject
Project("{FAE04EC0-301F-11D3-BF4B-00C04F79EFBC}") = "Katabasis.Samples.Graphics.06-CubeTexture2D", "src\cs\samples\graphics\Katabasis.Samples.Graphics.06-CubeTexture2D\Katabasis.Samples.Graphics.06-CubeTexture2D.csproj", "{AF64816A-2A0B-4298-9D4A-4B80BA6A8AB3}"
EndProject
Project("{FAE04EC0-301F-11D3-BF4B-00C04F79EFBC}") = "Katabasis.Samples.Graphics.07-TextureCoordinates2D", "src\cs\samples\graphics\Katabasis.Samples.Graphics.07-TextureCoordinates2D\Katabasis.Samples.Graphics.07-TextureCoordinates2D.csproj", "{BDBA0860-D63A-42C6-9263-D222CD40F5B6}"
EndProject
Project("{FAE04EC0-301F-11D3-BF4B-00C04F79EFBC}") = "Katabasis.Samples.Graphics.08-CubeDynamicTexture2D", "src\cs\samples\graphics\Katabasis.Samples.Graphics.08-CubeDynamicTexture2D\Katabasis.Samples.Graphics.08-CubeDynamicTexture2D.csproj", "{BBA15B48-2BE6-4ABD-B358-15C9611C41EE}"
EndProject
Project("{FAE04EC0-301F-11D3-BF4B-00C04F79EFBC}") = "Katabasis.Samples.Graphics.09-RenderTarget", "src\cs\samples\graphics\Katabasis.Samples.Graphics.09-RenderTarget\Katabasis.Samples.Graphics.09-RenderTarget.csproj", "{73AF8E08-203F-49E8-AF66-0222E65CD588}"
EndProject
Project("{FAE04EC0-301F-11D3-BF4B-00C04F79EFBC}") = "Katabasis.Samples.Graphics.10-MultipleRenderTargets", "src\cs\samples\graphics\Katabasis.Samples.Graphics.10-MultipleRenderTargets\Katabasis.Samples.Graphics.10-MultipleRenderTargets.csproj", "{2D4426EC-0CEF-4F60-9C19-770438E5BF15}"
EndProject
Project("{FAE04EC0-301F-11D3-BF4B-00C04F79EFBC}") = "Katabasis.Samples.Graphics.11-CubeTexture3D", "src\cs\samples\graphics\Katabasis.Samples.Graphics.11-CubeTexture3D\Katabasis.Samples.Graphics.11-CubeTexture3D.csproj", "{8AE0FE36-48FE-4AD2-9301-A0486FAF4923}"
EndProject
Project("{FAE04EC0-301F-11D3-BF4B-00C04F79EFBC}") = "Katabasis.Samples.Graphics.12-ParticlesInstancing", "src\cs\samples\graphics\Katabasis.Samples.Graphics.12-ParticlesInstancing\Katabasis.Samples.Graphics.12-ParticlesInstancing.csproj", "{1E5E25C0-0468-42F3-BD95-3EE39956B478}"
EndProject
Project("{2150E333-8FDC-42A3-9474-1A3956D46DE8}") = "ImGui", "ImGui", "{540EFF1F-567A-48D3-A1C7-7478574579B6}"
EndProject
Project("{FAE04EC0-301F-11D3-BF4B-00C04F79EFBC}") = "Katabasis.Samples.ImGui.01-HelloWorld", "src\cs\samples\imgui\Katabasis.Samples.ImGui.01-HelloWorld\Katabasis.Samples.ImGui.01-HelloWorld.csproj", "{775634C0-E351-470A-A6B9-C0C1A0044D47}"
EndProject
Project("{2150E333-8FDC-42A3-9474-1A3956D46DE8}") = "Input", "Input", "{7E4019EF-1309-4959-9DDA-4F915DE6EBA6}"
EndProject
Project("{FAE04EC0-301F-11D3-BF4B-00C04F79EFBC}") = "Katabasis.Samples.Input.01-Mouse", "src\cs\samples\input\Katabasis.Samples.Input.01-Mouse\Katabasis.Samples.Input.01-Mouse.csproj", "{0547E457-E8F8-4DF2-A6D4-705AFF26872E}"
EndProject
Project("{2150E333-8FDC-42A3-9474-1A3956D46DE8}") = "Tests", "Tests", "{AEB5AA31-07C7-4AB5-95A9-F906023AA6F7}"
EndProject
Project("{FAE04EC0-301F-11D3-BF4B-00C04F79EFBC}") = "Katabasis.Extended.Tests", "src\cs\tests\Katabasis.Extended.Tests\Katabasis.Extended.Tests.csproj", "{B4CE3FAA-7539-4E37-AE45-C70815B52A61}"
EndProject
Project("{2150E333-8FDC-42A3-9474-1A3956D46DE8}") = "Audio", "Audio", "{6023ED4A-6070-4125-B36E-8C8EE45ABBF4}"
EndProject
Project("{FAE04EC0-301F-11D3-BF4B-00C04F79EFBC}") = "Katabasis.Samples.Audio.01-Music", "src\cs\samples\audio\Katabasis.Samples.Audio.01-Music\Katabasis.Samples.Audio.01-Music.csproj", "{7BABA9FE-1086-4610-B4C0-1255CEFD14AC}"
EndProject
Project("{FAE04EC0-301F-11D3-BF4B-00C04F79EFBC}") = "FAudio-cs", "ext\FAudio-cs\src\cs\production\FAudio-cs\FAudio-cs.csproj", "{C4B69E71-DAF3-420C-A9CF-893201670EA3}"
EndProject
Project("{2150E333-8FDC-42A3-9474-1A3956D46DE8}") = "Video", "Video", "{2097E157-703D-4374-8D5C-9774AA67D00D}"
EndProject
Project("{FAE04EC0-301F-11D3-BF4B-00C04F79EFBC}") = "Katabasis.Samples.Video.01-Playback", "src\cs\samples\video\Katabasis.Samples.Video.01-Playback\Katabasis.Samples.Video.01-Playback.csproj", "{16DF9AC9-9066-4C33-AA6E-B41DE41706F1}"
EndProject
Global
	GlobalSection(SolutionConfigurationPlatforms) = preSolution
		Debug|Any CPU = Debug|Any CPU
		Debug|x64 = Debug|x64
		Debug|x86 = Debug|x86
		Release|Any CPU = Release|Any CPU
		Release|x64 = Release|x64
		Release|x86 = Release|x86
	EndGlobalSection
	GlobalSection(SolutionProperties) = preSolution
		HideSolutionNode = FALSE
	EndGlobalSection
	GlobalSection(NestedProjects) = preSolution
		{83185C3B-64C0-4E23-B6EC-B757EF32FDF8} = {0FDA2352-7F13-47C9-A014-731419C1AC1C}
		{167A9EFE-BF38-4C38-A750-252AFF7849CF} = {0FDA2352-7F13-47C9-A014-731419C1AC1C}
		{FF93619B-48F2-4F75-B368-36A439C47749} = {0FDA2352-7F13-47C9-A014-731419C1AC1C}
		{D9763D2B-0F3D-4210-A5CC-EE206F62F111} = {412996A6-B849-4293-AB31-3A72DA4362FD}
		{23294940-6E7D-402F-A4DC-5057597F6CCF} = {79FA232B-167E-4CBF-8572-218292FEC2C7}
		{D932DC66-2A9A-460A-BCF7-22472FC7FCCA} = {79FA232B-167E-4CBF-8572-218292FEC2C7}
		{1444CED1-FA33-4372-B716-981E1EBD81AB} = {79FA232B-167E-4CBF-8572-218292FEC2C7}
		{23568EB8-F605-44D4-B8FC-B4797AE3B4D4} = {79FA232B-167E-4CBF-8572-218292FEC2C7}
		{D867D6BC-E023-4FFE-981A-3C21A961FEC8} = {4512F24B-1568-444E-915A-810DF518DE81}
		{CFBCCFCF-522F-42ED-9F42-A40D172152E9} = {4512F24B-1568-444E-915A-810DF518DE81}
		{82696453-2D0E-496F-9D16-F0F156050ADB} = {4512F24B-1568-444E-915A-810DF518DE81}
		{5630F52F-E189-4FA0-92DC-95687895ADA6} = {C97F28F8-C889-4BF9-84E3-52DD0C1AB1FD}
		{2965CDF5-4884-493A-B703-56D152739B94} = {5630F52F-E189-4FA0-92DC-95687895ADA6}
		{96C5178D-21D6-46E4-A3B8-BFD76DA5A13A} = {5630F52F-E189-4FA0-92DC-95687895ADA6}
		{D6DC9CA1-0A1A-41F5-B097-9BDB305213A9} = {5630F52F-E189-4FA0-92DC-95687895ADA6}
		{4D67004D-B675-4568-BF83-0C7923F65A87} = {5630F52F-E189-4FA0-92DC-95687895ADA6}
		{C6757AFF-F21A-410B-894B-0B0E58D5FE73} = {5630F52F-E189-4FA0-92DC-95687895ADA6}
		{AF64816A-2A0B-4298-9D4A-4B80BA6A8AB3} = {5630F52F-E189-4FA0-92DC-95687895ADA6}
		{BDBA0860-D63A-42C6-9263-D222CD40F5B6} = {5630F52F-E189-4FA0-92DC-95687895ADA6}
		{BBA15B48-2BE6-4ABD-B358-15C9611C41EE} = {5630F52F-E189-4FA0-92DC-95687895ADA6}
		{73AF8E08-203F-49E8-AF66-0222E65CD588} = {5630F52F-E189-4FA0-92DC-95687895ADA6}
		{2D4426EC-0CEF-4F60-9C19-770438E5BF15} = {5630F52F-E189-4FA0-92DC-95687895ADA6}
		{8AE0FE36-48FE-4AD2-9301-A0486FAF4923} = {5630F52F-E189-4FA0-92DC-95687895ADA6}
		{1E5E25C0-0468-42F3-BD95-3EE39956B478} = {5630F52F-E189-4FA0-92DC-95687895ADA6}
		{540EFF1F-567A-48D3-A1C7-7478574579B6} = {C97F28F8-C889-4BF9-84E3-52DD0C1AB1FD}
		{775634C0-E351-470A-A6B9-C0C1A0044D47} = {540EFF1F-567A-48D3-A1C7-7478574579B6}
		{7E4019EF-1309-4959-9DDA-4F915DE6EBA6} = {C97F28F8-C889-4BF9-84E3-52DD0C1AB1FD}
		{0547E457-E8F8-4DF2-A6D4-705AFF26872E} = {7E4019EF-1309-4959-9DDA-4F915DE6EBA6}
		{B4CE3FAA-7539-4E37-AE45-C70815B52A61} = {AEB5AA31-07C7-4AB5-95A9-F906023AA6F7}
		{6023ED4A-6070-4125-B36E-8C8EE45ABBF4} = {C97F28F8-C889-4BF9-84E3-52DD0C1AB1FD}
		{7BABA9FE-1086-4610-B4C0-1255CEFD14AC} = {6023ED4A-6070-4125-B36E-8C8EE45ABBF4}
		{C4B69E71-DAF3-420C-A9CF-893201670EA3} = {0FDA2352-7F13-47C9-A014-731419C1AC1C}
		{2097E157-703D-4374-8D5C-9774AA67D00D} = {C97F28F8-C889-4BF9-84E3-52DD0C1AB1FD}
		{16DF9AC9-9066-4C33-AA6E-B41DE41706F1} = {2097E157-703D-4374-8D5C-9774AA67D00D}
	EndGlobalSection
	GlobalSection(ProjectConfigurationPlatforms) = postSolution
		{83185C3B-64C0-4E23-B6EC-B757EF32FDF8}.Debug|Any CPU.ActiveCfg = Debug|Any CPU
		{83185C3B-64C0-4E23-B6EC-B757EF32FDF8}.Debug|Any CPU.Build.0 = Debug|Any CPU
		{83185C3B-64C0-4E23-B6EC-B757EF32FDF8}.Debug|x64.ActiveCfg = Debug|Any CPU
		{83185C3B-64C0-4E23-B6EC-B757EF32FDF8}.Debug|x64.Build.0 = Debug|Any CPU
		{83185C3B-64C0-4E23-B6EC-B757EF32FDF8}.Debug|x86.ActiveCfg = Debug|Any CPU
		{83185C3B-64C0-4E23-B6EC-B757EF32FDF8}.Debug|x86.Build.0 = Debug|Any CPU
		{83185C3B-64C0-4E23-B6EC-B757EF32FDF8}.Release|Any CPU.ActiveCfg = Release|Any CPU
		{83185C3B-64C0-4E23-B6EC-B757EF32FDF8}.Release|Any CPU.Build.0 = Release|Any CPU
		{83185C3B-64C0-4E23-B6EC-B757EF32FDF8}.Release|x64.ActiveCfg = Release|Any CPU
		{83185C3B-64C0-4E23-B6EC-B757EF32FDF8}.Release|x64.Build.0 = Release|Any CPU
		{83185C3B-64C0-4E23-B6EC-B757EF32FDF8}.Release|x86.ActiveCfg = Release|Any CPU
		{83185C3B-64C0-4E23-B6EC-B757EF32FDF8}.Release|x86.Build.0 = Release|Any CPU
		{167A9EFE-BF38-4C38-A750-252AFF7849CF}.Debug|Any CPU.ActiveCfg = Debug|Any CPU
		{167A9EFE-BF38-4C38-A750-252AFF7849CF}.Debug|Any CPU.Build.0 = Debug|Any CPU
		{167A9EFE-BF38-4C38-A750-252AFF7849CF}.Debug|x64.ActiveCfg = Debug|Any CPU
		{167A9EFE-BF38-4C38-A750-252AFF7849CF}.Debug|x64.Build.0 = Debug|Any CPU
		{167A9EFE-BF38-4C38-A750-252AFF7849CF}.Debug|x86.ActiveCfg = Debug|Any CPU
		{167A9EFE-BF38-4C38-A750-252AFF7849CF}.Debug|x86.Build.0 = Debug|Any CPU
		{167A9EFE-BF38-4C38-A750-252AFF7849CF}.Release|Any CPU.ActiveCfg = Release|Any CPU
		{167A9EFE-BF38-4C38-A750-252AFF7849CF}.Release|Any CPU.Build.0 = Release|Any CPU
		{167A9EFE-BF38-4C38-A750-252AFF7849CF}.Release|x64.ActiveCfg = Release|Any CPU
		{167A9EFE-BF38-4C38-A750-252AFF7849CF}.Release|x64.Build.0 = Release|Any CPU
		{167A9EFE-BF38-4C38-A750-252AFF7849CF}.Release|x86.ActiveCfg = Release|Any CPU
		{167A9EFE-BF38-4C38-A750-252AFF7849CF}.Release|x86.Build.0 = Release|Any CPU
		{FF93619B-48F2-4F75-B368-36A439C47749}.Debug|Any CPU.ActiveCfg = Debug|Any CPU
		{FF93619B-48F2-4F75-B368-36A439C47749}.Debug|Any CPU.Build.0 = Debug|Any CPU
		{FF93619B-48F2-4F75-B368-36A439C47749}.Debug|x64.ActiveCfg = Debug|Any CPU
		{FF93619B-48F2-4F75-B368-36A439C47749}.Debug|x64.Build.0 = Debug|Any CPU
		{FF93619B-48F2-4F75-B368-36A439C47749}.Debug|x86.ActiveCfg = Debug|Any CPU
		{FF93619B-48F2-4F75-B368-36A439C47749}.Debug|x86.Build.0 = Debug|Any CPU
		{FF93619B-48F2-4F75-B368-36A439C47749}.Release|Any CPU.ActiveCfg = Release|Any CPU
		{FF93619B-48F2-4F75-B368-36A439C47749}.Release|Any CPU.Build.0 = Release|Any CPU
		{FF93619B-48F2-4F75-B368-36A439C47749}.Release|x64.ActiveCfg = Release|Any CPU
		{FF93619B-48F2-4F75-B368-36A439C47749}.Release|x64.Build.0 = Release|Any CPU
		{FF93619B-48F2-4F75-B368-36A439C47749}.Release|x86.ActiveCfg = Release|Any CPU
		{FF93619B-48F2-4F75-B368-36A439C47749}.Release|x86.Build.0 = Release|Any CPU
		{D9763D2B-0F3D-4210-A5CC-EE206F62F111}.Debug|Any CPU.ActiveCfg = Debug|Any CPU
		{D9763D2B-0F3D-4210-A5CC-EE206F62F111}.Debug|Any CPU.Build.0 = Debug|Any CPU
		{D9763D2B-0F3D-4210-A5CC-EE206F62F111}.Debug|x64.ActiveCfg = Debug|Any CPU
		{D9763D2B-0F3D-4210-A5CC-EE206F62F111}.Debug|x64.Build.0 = Debug|Any CPU
		{D9763D2B-0F3D-4210-A5CC-EE206F62F111}.Debug|x86.ActiveCfg = Debug|Any CPU
		{D9763D2B-0F3D-4210-A5CC-EE206F62F111}.Debug|x86.Build.0 = Debug|Any CPU
		{D9763D2B-0F3D-4210-A5CC-EE206F62F111}.Release|Any CPU.ActiveCfg = Release|Any CPU
		{D9763D2B-0F3D-4210-A5CC-EE206F62F111}.Release|Any CPU.Build.0 = Release|Any CPU
		{D9763D2B-0F3D-4210-A5CC-EE206F62F111}.Release|x64.ActiveCfg = Release|Any CPU
		{D9763D2B-0F3D-4210-A5CC-EE206F62F111}.Release|x64.Build.0 = Release|Any CPU
		{D9763D2B-0F3D-4210-A5CC-EE206F62F111}.Release|x86.ActiveCfg = Release|Any CPU
		{D9763D2B-0F3D-4210-A5CC-EE206F62F111}.Release|x86.Build.0 = Release|Any CPU
		{23294940-6E7D-402F-A4DC-5057597F6CCF}.Debug|Any CPU.ActiveCfg = Debug|Any CPU
		{23294940-6E7D-402F-A4DC-5057597F6CCF}.Debug|Any CPU.Build.0 = Debug|Any CPU
		{23294940-6E7D-402F-A4DC-5057597F6CCF}.Debug|x64.ActiveCfg = Debug|Any CPU
		{23294940-6E7D-402F-A4DC-5057597F6CCF}.Debug|x64.Build.0 = Debug|Any CPU
		{23294940-6E7D-402F-A4DC-5057597F6CCF}.Debug|x86.ActiveCfg = Debug|Any CPU
		{23294940-6E7D-402F-A4DC-5057597F6CCF}.Debug|x86.Build.0 = Debug|Any CPU
		{23294940-6E7D-402F-A4DC-5057597F6CCF}.Release|Any CPU.ActiveCfg = Release|Any CPU
		{23294940-6E7D-402F-A4DC-5057597F6CCF}.Release|Any CPU.Build.0 = Release|Any CPU
		{23294940-6E7D-402F-A4DC-5057597F6CCF}.Release|x64.ActiveCfg = Release|Any CPU
		{23294940-6E7D-402F-A4DC-5057597F6CCF}.Release|x64.Build.0 = Release|Any CPU
		{23294940-6E7D-402F-A4DC-5057597F6CCF}.Release|x86.ActiveCfg = Release|Any CPU
		{23294940-6E7D-402F-A4DC-5057597F6CCF}.Release|x86.Build.0 = Release|Any CPU
		{D932DC66-2A9A-460A-BCF7-22472FC7FCCA}.Debug|Any CPU.ActiveCfg = Debug|Any CPU
		{D932DC66-2A9A-460A-BCF7-22472FC7FCCA}.Debug|Any CPU.Build.0 = Debug|Any CPU
		{D932DC66-2A9A-460A-BCF7-22472FC7FCCA}.Debug|x64.ActiveCfg = Debug|Any CPU
		{D932DC66-2A9A-460A-BCF7-22472FC7FCCA}.Debug|x64.Build.0 = Debug|Any CPU
		{D932DC66-2A9A-460A-BCF7-22472FC7FCCA}.Debug|x86.ActiveCfg = Debug|Any CPU
		{D932DC66-2A9A-460A-BCF7-22472FC7FCCA}.Debug|x86.Build.0 = Debug|Any CPU
		{D932DC66-2A9A-460A-BCF7-22472FC7FCCA}.Release|Any CPU.ActiveCfg = Release|Any CPU
		{D932DC66-2A9A-460A-BCF7-22472FC7FCCA}.Release|Any CPU.Build.0 = Release|Any CPU
		{D932DC66-2A9A-460A-BCF7-22472FC7FCCA}.Release|x64.ActiveCfg = Release|Any CPU
		{D932DC66-2A9A-460A-BCF7-22472FC7FCCA}.Release|x64.Build.0 = Release|Any CPU
		{D932DC66-2A9A-460A-BCF7-22472FC7FCCA}.Release|x86.ActiveCfg = Release|Any CPU
		{D932DC66-2A9A-460A-BCF7-22472FC7FCCA}.Release|x86.Build.0 = Release|Any CPU
		{1444CED1-FA33-4372-B716-981E1EBD81AB}.Debug|Any CPU.ActiveCfg = Debug|Any CPU
		{1444CED1-FA33-4372-B716-981E1EBD81AB}.Debug|Any CPU.Build.0 = Debug|Any CPU
		{1444CED1-FA33-4372-B716-981E1EBD81AB}.Debug|x64.ActiveCfg = Debug|Any CPU
		{1444CED1-FA33-4372-B716-981E1EBD81AB}.Debug|x64.Build.0 = Debug|Any CPU
		{1444CED1-FA33-4372-B716-981E1EBD81AB}.Debug|x86.ActiveCfg = Debug|Any CPU
		{1444CED1-FA33-4372-B716-981E1EBD81AB}.Debug|x86.Build.0 = Debug|Any CPU
		{1444CED1-FA33-4372-B716-981E1EBD81AB}.Release|Any CPU.ActiveCfg = Release|Any CPU
		{1444CED1-FA33-4372-B716-981E1EBD81AB}.Release|Any CPU.Build.0 = Release|Any CPU
		{1444CED1-FA33-4372-B716-981E1EBD81AB}.Release|x64.ActiveCfg = Release|Any CPU
		{1444CED1-FA33-4372-B716-981E1EBD81AB}.Release|x64.Build.0 = Release|Any CPU
		{1444CED1-FA33-4372-B716-981E1EBD81AB}.Release|x86.ActiveCfg = Release|Any CPU
		{1444CED1-FA33-4372-B716-981E1EBD81AB}.Release|x86.Build.0 = Release|Any CPU
		{23568EB8-F605-44D4-B8FC-B4797AE3B4D4}.Debug|Any CPU.ActiveCfg = Debug|Any CPU
		{23568EB8-F605-44D4-B8FC-B4797AE3B4D4}.Debug|Any CPU.Build.0 = Debug|Any CPU
		{23568EB8-F605-44D4-B8FC-B4797AE3B4D4}.Debug|x64.ActiveCfg = Debug|Any CPU
		{23568EB8-F605-44D4-B8FC-B4797AE3B4D4}.Debug|x64.Build.0 = Debug|Any CPU
		{23568EB8-F605-44D4-B8FC-B4797AE3B4D4}.Debug|x86.ActiveCfg = Debug|Any CPU
		{23568EB8-F605-44D4-B8FC-B4797AE3B4D4}.Debug|x86.Build.0 = Debug|Any CPU
		{23568EB8-F605-44D4-B8FC-B4797AE3B4D4}.Release|Any CPU.ActiveCfg = Release|Any CPU
		{23568EB8-F605-44D4-B8FC-B4797AE3B4D4}.Release|Any CPU.Build.0 = Release|Any CPU
		{23568EB8-F605-44D4-B8FC-B4797AE3B4D4}.Release|x64.ActiveCfg = Release|Any CPU
		{23568EB8-F605-44D4-B8FC-B4797AE3B4D4}.Release|x64.Build.0 = Release|Any CPU
		{23568EB8-F605-44D4-B8FC-B4797AE3B4D4}.Release|x86.ActiveCfg = Release|Any CPU
		{23568EB8-F605-44D4-B8FC-B4797AE3B4D4}.Release|x86.Build.0 = Release|Any CPU
		{D867D6BC-E023-4FFE-981A-3C21A961FEC8}.Debug|Any CPU.ActiveCfg = Debug|Any CPU
		{D867D6BC-E023-4FFE-981A-3C21A961FEC8}.Debug|Any CPU.Build.0 = Debug|Any CPU
		{D867D6BC-E023-4FFE-981A-3C21A961FEC8}.Debug|x64.ActiveCfg = Debug|Any CPU
		{D867D6BC-E023-4FFE-981A-3C21A961FEC8}.Debug|x64.Build.0 = Debug|Any CPU
		{D867D6BC-E023-4FFE-981A-3C21A961FEC8}.Debug|x86.ActiveCfg = Debug|Any CPU
		{D867D6BC-E023-4FFE-981A-3C21A961FEC8}.Debug|x86.Build.0 = Debug|Any CPU
		{D867D6BC-E023-4FFE-981A-3C21A961FEC8}.Release|Any CPU.ActiveCfg = Release|Any CPU
		{D867D6BC-E023-4FFE-981A-3C21A961FEC8}.Release|Any CPU.Build.0 = Release|Any CPU
		{D867D6BC-E023-4FFE-981A-3C21A961FEC8}.Release|x64.ActiveCfg = Release|Any CPU
		{D867D6BC-E023-4FFE-981A-3C21A961FEC8}.Release|x64.Build.0 = Release|Any CPU
		{D867D6BC-E023-4FFE-981A-3C21A961FEC8}.Release|x86.ActiveCfg = Release|Any CPU
		{D867D6BC-E023-4FFE-981A-3C21A961FEC8}.Release|x86.Build.0 = Release|Any CPU
		{CFBCCFCF-522F-42ED-9F42-A40D172152E9}.Debug|Any CPU.ActiveCfg = Debug|Any CPU
		{CFBCCFCF-522F-42ED-9F42-A40D172152E9}.Debug|Any CPU.Build.0 = Debug|Any CPU
		{CFBCCFCF-522F-42ED-9F42-A40D172152E9}.Debug|x64.ActiveCfg = Debug|Any CPU
		{CFBCCFCF-522F-42ED-9F42-A40D172152E9}.Debug|x64.Build.0 = Debug|Any CPU
		{CFBCCFCF-522F-42ED-9F42-A40D172152E9}.Debug|x86.ActiveCfg = Debug|Any CPU
		{CFBCCFCF-522F-42ED-9F42-A40D172152E9}.Debug|x86.Build.0 = Debug|Any CPU
		{CFBCCFCF-522F-42ED-9F42-A40D172152E9}.Release|Any CPU.ActiveCfg = Release|Any CPU
		{CFBCCFCF-522F-42ED-9F42-A40D172152E9}.Release|Any CPU.Build.0 = Release|Any CPU
		{CFBCCFCF-522F-42ED-9F42-A40D172152E9}.Release|x64.ActiveCfg = Release|Any CPU
		{CFBCCFCF-522F-42ED-9F42-A40D172152E9}.Release|x64.Build.0 = Release|Any CPU
		{CFBCCFCF-522F-42ED-9F42-A40D172152E9}.Release|x86.ActiveCfg = Release|Any CPU
		{CFBCCFCF-522F-42ED-9F42-A40D172152E9}.Release|x86.Build.0 = Release|Any CPU
		{82696453-2D0E-496F-9D16-F0F156050ADB}.Debug|Any CPU.ActiveCfg = Debug|Any CPU
		{82696453-2D0E-496F-9D16-F0F156050ADB}.Debug|Any CPU.Build.0 = Debug|Any CPU
		{82696453-2D0E-496F-9D16-F0F156050ADB}.Debug|x64.ActiveCfg = Debug|Any CPU
		{82696453-2D0E-496F-9D16-F0F156050ADB}.Debug|x64.Build.0 = Debug|Any CPU
		{82696453-2D0E-496F-9D16-F0F156050ADB}.Debug|x86.ActiveCfg = Debug|Any CPU
		{82696453-2D0E-496F-9D16-F0F156050ADB}.Debug|x86.Build.0 = Debug|Any CPU
		{82696453-2D0E-496F-9D16-F0F156050ADB}.Release|Any CPU.ActiveCfg = Release|Any CPU
		{82696453-2D0E-496F-9D16-F0F156050ADB}.Release|Any CPU.Build.0 = Release|Any CPU
		{82696453-2D0E-496F-9D16-F0F156050ADB}.Release|x64.ActiveCfg = Release|Any CPU
		{82696453-2D0E-496F-9D16-F0F156050ADB}.Release|x64.Build.0 = Release|Any CPU
		{82696453-2D0E-496F-9D16-F0F156050ADB}.Release|x86.ActiveCfg = Release|Any CPU
		{82696453-2D0E-496F-9D16-F0F156050ADB}.Release|x86.Build.0 = Release|Any CPU
		{2965CDF5-4884-493A-B703-56D152739B94}.Debug|Any CPU.ActiveCfg = Debug|Any CPU
		{2965CDF5-4884-493A-B703-56D152739B94}.Debug|Any CPU.Build.0 = Debug|Any CPU
		{2965CDF5-4884-493A-B703-56D152739B94}.Debug|x64.ActiveCfg = Debug|Any CPU
		{2965CDF5-4884-493A-B703-56D152739B94}.Debug|x64.Build.0 = Debug|Any CPU
		{2965CDF5-4884-493A-B703-56D152739B94}.Debug|x86.ActiveCfg = Debug|Any CPU
		{2965CDF5-4884-493A-B703-56D152739B94}.Debug|x86.Build.0 = Debug|Any CPU
		{2965CDF5-4884-493A-B703-56D152739B94}.Release|Any CPU.ActiveCfg = Release|Any CPU
		{2965CDF5-4884-493A-B703-56D152739B94}.Release|Any CPU.Build.0 = Release|Any CPU
		{2965CDF5-4884-493A-B703-56D152739B94}.Release|x64.ActiveCfg = Release|Any CPU
		{2965CDF5-4884-493A-B703-56D152739B94}.Release|x64.Build.0 = Release|Any CPU
		{2965CDF5-4884-493A-B703-56D152739B94}.Release|x86.ActiveCfg = Release|Any CPU
		{2965CDF5-4884-493A-B703-56D152739B94}.Release|x86.Build.0 = Release|Any CPU
		{96C5178D-21D6-46E4-A3B8-BFD76DA5A13A}.Debug|Any CPU.ActiveCfg = Debug|Any CPU
		{96C5178D-21D6-46E4-A3B8-BFD76DA5A13A}.Debug|Any CPU.Build.0 = Debug|Any CPU
		{96C5178D-21D6-46E4-A3B8-BFD76DA5A13A}.Debug|x64.ActiveCfg = Debug|Any CPU
		{96C5178D-21D6-46E4-A3B8-BFD76DA5A13A}.Debug|x64.Build.0 = Debug|Any CPU
		{96C5178D-21D6-46E4-A3B8-BFD76DA5A13A}.Debug|x86.ActiveCfg = Debug|Any CPU
		{96C5178D-21D6-46E4-A3B8-BFD76DA5A13A}.Debug|x86.Build.0 = Debug|Any CPU
		{96C5178D-21D6-46E4-A3B8-BFD76DA5A13A}.Release|Any CPU.ActiveCfg = Release|Any CPU
		{96C5178D-21D6-46E4-A3B8-BFD76DA5A13A}.Release|Any CPU.Build.0 = Release|Any CPU
		{96C5178D-21D6-46E4-A3B8-BFD76DA5A13A}.Release|x64.ActiveCfg = Release|Any CPU
		{96C5178D-21D6-46E4-A3B8-BFD76DA5A13A}.Release|x64.Build.0 = Release|Any CPU
		{96C5178D-21D6-46E4-A3B8-BFD76DA5A13A}.Release|x86.ActiveCfg = Release|Any CPU
		{96C5178D-21D6-46E4-A3B8-BFD76DA5A13A}.Release|x86.Build.0 = Release|Any CPU
		{D6DC9CA1-0A1A-41F5-B097-9BDB305213A9}.Debug|Any CPU.ActiveCfg = Debug|Any CPU
		{D6DC9CA1-0A1A-41F5-B097-9BDB305213A9}.Debug|Any CPU.Build.0 = Debug|Any CPU
		{D6DC9CA1-0A1A-41F5-B097-9BDB305213A9}.Debug|x64.ActiveCfg = Debug|Any CPU
		{D6DC9CA1-0A1A-41F5-B097-9BDB305213A9}.Debug|x64.Build.0 = Debug|Any CPU
		{D6DC9CA1-0A1A-41F5-B097-9BDB305213A9}.Debug|x86.ActiveCfg = Debug|Any CPU
		{D6DC9CA1-0A1A-41F5-B097-9BDB305213A9}.Debug|x86.Build.0 = Debug|Any CPU
		{D6DC9CA1-0A1A-41F5-B097-9BDB305213A9}.Release|Any CPU.ActiveCfg = Release|Any CPU
		{D6DC9CA1-0A1A-41F5-B097-9BDB305213A9}.Release|Any CPU.Build.0 = Release|Any CPU
		{D6DC9CA1-0A1A-41F5-B097-9BDB305213A9}.Release|x64.ActiveCfg = Release|Any CPU
		{D6DC9CA1-0A1A-41F5-B097-9BDB305213A9}.Release|x64.Build.0 = Release|Any CPU
		{D6DC9CA1-0A1A-41F5-B097-9BDB305213A9}.Release|x86.ActiveCfg = Release|Any CPU
		{D6DC9CA1-0A1A-41F5-B097-9BDB305213A9}.Release|x86.Build.0 = Release|Any CPU
		{4D67004D-B675-4568-BF83-0C7923F65A87}.Debug|Any CPU.ActiveCfg = Debug|Any CPU
		{4D67004D-B675-4568-BF83-0C7923F65A87}.Debug|Any CPU.Build.0 = Debug|Any CPU
		{4D67004D-B675-4568-BF83-0C7923F65A87}.Debug|x64.ActiveCfg = Debug|Any CPU
		{4D67004D-B675-4568-BF83-0C7923F65A87}.Debug|x64.Build.0 = Debug|Any CPU
		{4D67004D-B675-4568-BF83-0C7923F65A87}.Debug|x86.ActiveCfg = Debug|Any CPU
		{4D67004D-B675-4568-BF83-0C7923F65A87}.Debug|x86.Build.0 = Debug|Any CPU
		{4D67004D-B675-4568-BF83-0C7923F65A87}.Release|Any CPU.ActiveCfg = Release|Any CPU
		{4D67004D-B675-4568-BF83-0C7923F65A87}.Release|Any CPU.Build.0 = Release|Any CPU
		{4D67004D-B675-4568-BF83-0C7923F65A87}.Release|x64.ActiveCfg = Release|Any CPU
		{4D67004D-B675-4568-BF83-0C7923F65A87}.Release|x64.Build.0 = Release|Any CPU
		{4D67004D-B675-4568-BF83-0C7923F65A87}.Release|x86.ActiveCfg = Release|Any CPU
		{4D67004D-B675-4568-BF83-0C7923F65A87}.Release|x86.Build.0 = Release|Any CPU
		{C6757AFF-F21A-410B-894B-0B0E58D5FE73}.Debug|Any CPU.ActiveCfg = Debug|Any CPU
		{C6757AFF-F21A-410B-894B-0B0E58D5FE73}.Debug|Any CPU.Build.0 = Debug|Any CPU
		{C6757AFF-F21A-410B-894B-0B0E58D5FE73}.Debug|x64.ActiveCfg = Debug|Any CPU
		{C6757AFF-F21A-410B-894B-0B0E58D5FE73}.Debug|x64.Build.0 = Debug|Any CPU
		{C6757AFF-F21A-410B-894B-0B0E58D5FE73}.Debug|x86.ActiveCfg = Debug|Any CPU
		{C6757AFF-F21A-410B-894B-0B0E58D5FE73}.Debug|x86.Build.0 = Debug|Any CPU
		{C6757AFF-F21A-410B-894B-0B0E58D5FE73}.Release|Any CPU.ActiveCfg = Release|Any CPU
		{C6757AFF-F21A-410B-894B-0B0E58D5FE73}.Release|Any CPU.Build.0 = Release|Any CPU
		{C6757AFF-F21A-410B-894B-0B0E58D5FE73}.Release|x64.ActiveCfg = Release|Any CPU
		{C6757AFF-F21A-410B-894B-0B0E58D5FE73}.Release|x64.Build.0 = Release|Any CPU
		{C6757AFF-F21A-410B-894B-0B0E58D5FE73}.Release|x86.ActiveCfg = Release|Any CPU
		{C6757AFF-F21A-410B-894B-0B0E58D5FE73}.Release|x86.Build.0 = Release|Any CPU
		{AF64816A-2A0B-4298-9D4A-4B80BA6A8AB3}.Debug|Any CPU.ActiveCfg = Debug|Any CPU
		{AF64816A-2A0B-4298-9D4A-4B80BA6A8AB3}.Debug|Any CPU.Build.0 = Debug|Any CPU
		{AF64816A-2A0B-4298-9D4A-4B80BA6A8AB3}.Debug|x64.ActiveCfg = Debug|Any CPU
		{AF64816A-2A0B-4298-9D4A-4B80BA6A8AB3}.Debug|x64.Build.0 = Debug|Any CPU
		{AF64816A-2A0B-4298-9D4A-4B80BA6A8AB3}.Debug|x86.ActiveCfg = Debug|Any CPU
		{AF64816A-2A0B-4298-9D4A-4B80BA6A8AB3}.Debug|x86.Build.0 = Debug|Any CPU
		{AF64816A-2A0B-4298-9D4A-4B80BA6A8AB3}.Release|Any CPU.ActiveCfg = Release|Any CPU
		{AF64816A-2A0B-4298-9D4A-4B80BA6A8AB3}.Release|Any CPU.Build.0 = Release|Any CPU
		{AF64816A-2A0B-4298-9D4A-4B80BA6A8AB3}.Release|x64.ActiveCfg = Release|Any CPU
		{AF64816A-2A0B-4298-9D4A-4B80BA6A8AB3}.Release|x64.Build.0 = Release|Any CPU
		{AF64816A-2A0B-4298-9D4A-4B80BA6A8AB3}.Release|x86.ActiveCfg = Release|Any CPU
		{AF64816A-2A0B-4298-9D4A-4B80BA6A8AB3}.Release|x86.Build.0 = Release|Any CPU
		{BDBA0860-D63A-42C6-9263-D222CD40F5B6}.Debug|Any CPU.ActiveCfg = Debug|Any CPU
		{BDBA0860-D63A-42C6-9263-D222CD40F5B6}.Debug|Any CPU.Build.0 = Debug|Any CPU
		{BDBA0860-D63A-42C6-9263-D222CD40F5B6}.Debug|x64.ActiveCfg = Debug|Any CPU
		{BDBA0860-D63A-42C6-9263-D222CD40F5B6}.Debug|x64.Build.0 = Debug|Any CPU
		{BDBA0860-D63A-42C6-9263-D222CD40F5B6}.Debug|x86.ActiveCfg = Debug|Any CPU
		{BDBA0860-D63A-42C6-9263-D222CD40F5B6}.Debug|x86.Build.0 = Debug|Any CPU
		{BDBA0860-D63A-42C6-9263-D222CD40F5B6}.Release|Any CPU.ActiveCfg = Release|Any CPU
		{BDBA0860-D63A-42C6-9263-D222CD40F5B6}.Release|Any CPU.Build.0 = Release|Any CPU
		{BDBA0860-D63A-42C6-9263-D222CD40F5B6}.Release|x64.ActiveCfg = Release|Any CPU
		{BDBA0860-D63A-42C6-9263-D222CD40F5B6}.Release|x64.Build.0 = Release|Any CPU
		{BDBA0860-D63A-42C6-9263-D222CD40F5B6}.Release|x86.ActiveCfg = Release|Any CPU
		{BDBA0860-D63A-42C6-9263-D222CD40F5B6}.Release|x86.Build.0 = Release|Any CPU
		{BBA15B48-2BE6-4ABD-B358-15C9611C41EE}.Debug|Any CPU.ActiveCfg = Debug|Any CPU
		{BBA15B48-2BE6-4ABD-B358-15C9611C41EE}.Debug|Any CPU.Build.0 = Debug|Any CPU
		{BBA15B48-2BE6-4ABD-B358-15C9611C41EE}.Debug|x64.ActiveCfg = Debug|Any CPU
		{BBA15B48-2BE6-4ABD-B358-15C9611C41EE}.Debug|x64.Build.0 = Debug|Any CPU
		{BBA15B48-2BE6-4ABD-B358-15C9611C41EE}.Debug|x86.ActiveCfg = Debug|Any CPU
		{BBA15B48-2BE6-4ABD-B358-15C9611C41EE}.Debug|x86.Build.0 = Debug|Any CPU
		{BBA15B48-2BE6-4ABD-B358-15C9611C41EE}.Release|Any CPU.ActiveCfg = Release|Any CPU
		{BBA15B48-2BE6-4ABD-B358-15C9611C41EE}.Release|Any CPU.Build.0 = Release|Any CPU
		{BBA15B48-2BE6-4ABD-B358-15C9611C41EE}.Release|x64.ActiveCfg = Release|Any CPU
		{BBA15B48-2BE6-4ABD-B358-15C9611C41EE}.Release|x64.Build.0 = Release|Any CPU
		{BBA15B48-2BE6-4ABD-B358-15C9611C41EE}.Release|x86.ActiveCfg = Release|Any CPU
		{BBA15B48-2BE6-4ABD-B358-15C9611C41EE}.Release|x86.Build.0 = Release|Any CPU
		{73AF8E08-203F-49E8-AF66-0222E65CD588}.Debug|Any CPU.ActiveCfg = Debug|Any CPU
		{73AF8E08-203F-49E8-AF66-0222E65CD588}.Debug|Any CPU.Build.0 = Debug|Any CPU
		{73AF8E08-203F-49E8-AF66-0222E65CD588}.Debug|x64.ActiveCfg = Debug|Any CPU
		{73AF8E08-203F-49E8-AF66-0222E65CD588}.Debug|x64.Build.0 = Debug|Any CPU
		{73AF8E08-203F-49E8-AF66-0222E65CD588}.Debug|x86.ActiveCfg = Debug|Any CPU
		{73AF8E08-203F-49E8-AF66-0222E65CD588}.Debug|x86.Build.0 = Debug|Any CPU
		{73AF8E08-203F-49E8-AF66-0222E65CD588}.Release|Any CPU.ActiveCfg = Release|Any CPU
		{73AF8E08-203F-49E8-AF66-0222E65CD588}.Release|Any CPU.Build.0 = Release|Any CPU
		{73AF8E08-203F-49E8-AF66-0222E65CD588}.Release|x64.ActiveCfg = Release|Any CPU
		{73AF8E08-203F-49E8-AF66-0222E65CD588}.Release|x64.Build.0 = Release|Any CPU
		{73AF8E08-203F-49E8-AF66-0222E65CD588}.Release|x86.ActiveCfg = Release|Any CPU
		{73AF8E08-203F-49E8-AF66-0222E65CD588}.Release|x86.Build.0 = Release|Any CPU
		{2D4426EC-0CEF-4F60-9C19-770438E5BF15}.Debug|Any CPU.ActiveCfg = Debug|Any CPU
		{2D4426EC-0CEF-4F60-9C19-770438E5BF15}.Debug|Any CPU.Build.0 = Debug|Any CPU
		{2D4426EC-0CEF-4F60-9C19-770438E5BF15}.Debug|x64.ActiveCfg = Debug|Any CPU
		{2D4426EC-0CEF-4F60-9C19-770438E5BF15}.Debug|x64.Build.0 = Debug|Any CPU
		{2D4426EC-0CEF-4F60-9C19-770438E5BF15}.Debug|x86.ActiveCfg = Debug|Any CPU
		{2D4426EC-0CEF-4F60-9C19-770438E5BF15}.Debug|x86.Build.0 = Debug|Any CPU
		{2D4426EC-0CEF-4F60-9C19-770438E5BF15}.Release|Any CPU.ActiveCfg = Release|Any CPU
		{2D4426EC-0CEF-4F60-9C19-770438E5BF15}.Release|Any CPU.Build.0 = Release|Any CPU
		{2D4426EC-0CEF-4F60-9C19-770438E5BF15}.Release|x64.ActiveCfg = Release|Any CPU
		{2D4426EC-0CEF-4F60-9C19-770438E5BF15}.Release|x64.Build.0 = Release|Any CPU
		{2D4426EC-0CEF-4F60-9C19-770438E5BF15}.Release|x86.ActiveCfg = Release|Any CPU
		{2D4426EC-0CEF-4F60-9C19-770438E5BF15}.Release|x86.Build.0 = Release|Any CPU
		{8AE0FE36-48FE-4AD2-9301-A0486FAF4923}.Debug|Any CPU.ActiveCfg = Debug|Any CPU
		{8AE0FE36-48FE-4AD2-9301-A0486FAF4923}.Debug|Any CPU.Build.0 = Debug|Any CPU
		{8AE0FE36-48FE-4AD2-9301-A0486FAF4923}.Debug|x64.ActiveCfg = Debug|Any CPU
		{8AE0FE36-48FE-4AD2-9301-A0486FAF4923}.Debug|x64.Build.0 = Debug|Any CPU
		{8AE0FE36-48FE-4AD2-9301-A0486FAF4923}.Debug|x86.ActiveCfg = Debug|Any CPU
		{8AE0FE36-48FE-4AD2-9301-A0486FAF4923}.Debug|x86.Build.0 = Debug|Any CPU
		{8AE0FE36-48FE-4AD2-9301-A0486FAF4923}.Release|Any CPU.ActiveCfg = Release|Any CPU
		{8AE0FE36-48FE-4AD2-9301-A0486FAF4923}.Release|Any CPU.Build.0 = Release|Any CPU
		{8AE0FE36-48FE-4AD2-9301-A0486FAF4923}.Release|x64.ActiveCfg = Release|Any CPU
		{8AE0FE36-48FE-4AD2-9301-A0486FAF4923}.Release|x64.Build.0 = Release|Any CPU
		{8AE0FE36-48FE-4AD2-9301-A0486FAF4923}.Release|x86.ActiveCfg = Release|Any CPU
		{8AE0FE36-48FE-4AD2-9301-A0486FAF4923}.Release|x86.Build.0 = Release|Any CPU
		{1E5E25C0-0468-42F3-BD95-3EE39956B478}.Debug|Any CPU.ActiveCfg = Debug|Any CPU
		{1E5E25C0-0468-42F3-BD95-3EE39956B478}.Debug|Any CPU.Build.0 = Debug|Any CPU
		{1E5E25C0-0468-42F3-BD95-3EE39956B478}.Debug|x64.ActiveCfg = Debug|Any CPU
		{1E5E25C0-0468-42F3-BD95-3EE39956B478}.Debug|x64.Build.0 = Debug|Any CPU
		{1E5E25C0-0468-42F3-BD95-3EE39956B478}.Debug|x86.ActiveCfg = Debug|Any CPU
		{1E5E25C0-0468-42F3-BD95-3EE39956B478}.Debug|x86.Build.0 = Debug|Any CPU
		{1E5E25C0-0468-42F3-BD95-3EE39956B478}.Release|Any CPU.ActiveCfg = Release|Any CPU
		{1E5E25C0-0468-42F3-BD95-3EE39956B478}.Release|Any CPU.Build.0 = Release|Any CPU
		{1E5E25C0-0468-42F3-BD95-3EE39956B478}.Release|x64.ActiveCfg = Release|Any CPU
		{1E5E25C0-0468-42F3-BD95-3EE39956B478}.Release|x64.Build.0 = Release|Any CPU
		{1E5E25C0-0468-42F3-BD95-3EE39956B478}.Release|x86.ActiveCfg = Release|Any CPU
		{1E5E25C0-0468-42F3-BD95-3EE39956B478}.Release|x86.Build.0 = Release|Any CPU
		{775634C0-E351-470A-A6B9-C0C1A0044D47}.Debug|Any CPU.ActiveCfg = Debug|Any CPU
		{775634C0-E351-470A-A6B9-C0C1A0044D47}.Debug|Any CPU.Build.0 = Debug|Any CPU
		{775634C0-E351-470A-A6B9-C0C1A0044D47}.Debug|x64.ActiveCfg = Debug|Any CPU
		{775634C0-E351-470A-A6B9-C0C1A0044D47}.Debug|x64.Build.0 = Debug|Any CPU
		{775634C0-E351-470A-A6B9-C0C1A0044D47}.Debug|x86.ActiveCfg = Debug|Any CPU
		{775634C0-E351-470A-A6B9-C0C1A0044D47}.Debug|x86.Build.0 = Debug|Any CPU
		{775634C0-E351-470A-A6B9-C0C1A0044D47}.Release|Any CPU.ActiveCfg = Release|Any CPU
		{775634C0-E351-470A-A6B9-C0C1A0044D47}.Release|Any CPU.Build.0 = Release|Any CPU
		{775634C0-E351-470A-A6B9-C0C1A0044D47}.Release|x64.ActiveCfg = Release|Any CPU
		{775634C0-E351-470A-A6B9-C0C1A0044D47}.Release|x64.Build.0 = Release|Any CPU
		{775634C0-E351-470A-A6B9-C0C1A0044D47}.Release|x86.ActiveCfg = Release|Any CPU
		{775634C0-E351-470A-A6B9-C0C1A0044D47}.Release|x86.Build.0 = Release|Any CPU
		{0547E457-E8F8-4DF2-A6D4-705AFF26872E}.Debug|Any CPU.ActiveCfg = Debug|Any CPU
		{0547E457-E8F8-4DF2-A6D4-705AFF26872E}.Debug|Any CPU.Build.0 = Debug|Any CPU
		{0547E457-E8F8-4DF2-A6D4-705AFF26872E}.Debug|x64.ActiveCfg = Debug|Any CPU
		{0547E457-E8F8-4DF2-A6D4-705AFF26872E}.Debug|x64.Build.0 = Debug|Any CPU
		{0547E457-E8F8-4DF2-A6D4-705AFF26872E}.Debug|x86.ActiveCfg = Debug|Any CPU
		{0547E457-E8F8-4DF2-A6D4-705AFF26872E}.Debug|x86.Build.0 = Debug|Any CPU
		{0547E457-E8F8-4DF2-A6D4-705AFF26872E}.Release|Any CPU.ActiveCfg = Release|Any CPU
		{0547E457-E8F8-4DF2-A6D4-705AFF26872E}.Release|Any CPU.Build.0 = Release|Any CPU
		{0547E457-E8F8-4DF2-A6D4-705AFF26872E}.Release|x64.ActiveCfg = Release|Any CPU
		{0547E457-E8F8-4DF2-A6D4-705AFF26872E}.Release|x64.Build.0 = Release|Any CPU
		{0547E457-E8F8-4DF2-A6D4-705AFF26872E}.Release|x86.ActiveCfg = Release|Any CPU
		{0547E457-E8F8-4DF2-A6D4-705AFF26872E}.Release|x86.Build.0 = Release|Any CPU
		{B4CE3FAA-7539-4E37-AE45-C70815B52A61}.Debug|Any CPU.ActiveCfg = Debug|Any CPU
		{B4CE3FAA-7539-4E37-AE45-C70815B52A61}.Debug|Any CPU.Build.0 = Debug|Any CPU
		{B4CE3FAA-7539-4E37-AE45-C70815B52A61}.Debug|x64.ActiveCfg = Debug|Any CPU
		{B4CE3FAA-7539-4E37-AE45-C70815B52A61}.Debug|x64.Build.0 = Debug|Any CPU
		{B4CE3FAA-7539-4E37-AE45-C70815B52A61}.Debug|x86.ActiveCfg = Debug|Any CPU
		{B4CE3FAA-7539-4E37-AE45-C70815B52A61}.Debug|x86.Build.0 = Debug|Any CPU
		{B4CE3FAA-7539-4E37-AE45-C70815B52A61}.Release|Any CPU.ActiveCfg = Release|Any CPU
		{B4CE3FAA-7539-4E37-AE45-C70815B52A61}.Release|Any CPU.Build.0 = Release|Any CPU
		{B4CE3FAA-7539-4E37-AE45-C70815B52A61}.Release|x64.ActiveCfg = Release|Any CPU
		{B4CE3FAA-7539-4E37-AE45-C70815B52A61}.Release|x64.Build.0 = Release|Any CPU
		{B4CE3FAA-7539-4E37-AE45-C70815B52A61}.Release|x86.ActiveCfg = Release|Any CPU
		{B4CE3FAA-7539-4E37-AE45-C70815B52A61}.Release|x86.Build.0 = Release|Any CPU
		{7BABA9FE-1086-4610-B4C0-1255CEFD14AC}.Debug|Any CPU.ActiveCfg = Debug|Any CPU
		{7BABA9FE-1086-4610-B4C0-1255CEFD14AC}.Debug|Any CPU.Build.0 = Debug|Any CPU
		{7BABA9FE-1086-4610-B4C0-1255CEFD14AC}.Debug|x64.ActiveCfg = Debug|Any CPU
		{7BABA9FE-1086-4610-B4C0-1255CEFD14AC}.Debug|x64.Build.0 = Debug|Any CPU
		{7BABA9FE-1086-4610-B4C0-1255CEFD14AC}.Debug|x86.ActiveCfg = Debug|Any CPU
		{7BABA9FE-1086-4610-B4C0-1255CEFD14AC}.Debug|x86.Build.0 = Debug|Any CPU
		{7BABA9FE-1086-4610-B4C0-1255CEFD14AC}.Release|Any CPU.ActiveCfg = Release|Any CPU
		{7BABA9FE-1086-4610-B4C0-1255CEFD14AC}.Release|Any CPU.Build.0 = Release|Any CPU
		{7BABA9FE-1086-4610-B4C0-1255CEFD14AC}.Release|x64.ActiveCfg = Release|Any CPU
		{7BABA9FE-1086-4610-B4C0-1255CEFD14AC}.Release|x64.Build.0 = Release|Any CPU
		{7BABA9FE-1086-4610-B4C0-1255CEFD14AC}.Release|x86.ActiveCfg = Release|Any CPU
		{7BABA9FE-1086-4610-B4C0-1255CEFD14AC}.Release|x86.Build.0 = Release|Any CPU
		{C4B69E71-DAF3-420C-A9CF-893201670EA3}.Debug|Any CPU.ActiveCfg = Debug|Any CPU
		{C4B69E71-DAF3-420C-A9CF-893201670EA3}.Debug|Any CPU.Build.0 = Debug|Any CPU
		{C4B69E71-DAF3-420C-A9CF-893201670EA3}.Debug|x64.ActiveCfg = Debug|Any CPU
		{C4B69E71-DAF3-420C-A9CF-893201670EA3}.Debug|x64.Build.0 = Debug|Any CPU
		{C4B69E71-DAF3-420C-A9CF-893201670EA3}.Debug|x86.ActiveCfg = Debug|Any CPU
		{C4B69E71-DAF3-420C-A9CF-893201670EA3}.Debug|x86.Build.0 = Debug|Any CPU
		{C4B69E71-DAF3-420C-A9CF-893201670EA3}.Release|Any CPU.ActiveCfg = Release|Any CPU
		{C4B69E71-DAF3-420C-A9CF-893201670EA3}.Release|Any CPU.Build.0 = Release|Any CPU
		{C4B69E71-DAF3-420C-A9CF-893201670EA3}.Release|x64.ActiveCfg = Release|Any CPU
		{C4B69E71-DAF3-420C-A9CF-893201670EA3}.Release|x64.Build.0 = Release|Any CPU
		{C4B69E71-DAF3-420C-A9CF-893201670EA3}.Release|x86.ActiveCfg = Release|Any CPU
		{C4B69E71-DAF3-420C-A9CF-893201670EA3}.Release|x86.Build.0 = Release|Any CPU
		{16DF9AC9-9066-4C33-AA6E-B41DE41706F1}.Debug|Any CPU.ActiveCfg = Debug|Any CPU
		{16DF9AC9-9066-4C33-AA6E-B41DE41706F1}.Debug|Any CPU.Build.0 = Debug|Any CPU
		{16DF9AC9-9066-4C33-AA6E-B41DE41706F1}.Debug|x64.ActiveCfg = Debug|Any CPU
		{16DF9AC9-9066-4C33-AA6E-B41DE41706F1}.Debug|x64.Build.0 = Debug|Any CPU
		{16DF9AC9-9066-4C33-AA6E-B41DE41706F1}.Debug|x86.ActiveCfg = Debug|Any CPU
		{16DF9AC9-9066-4C33-AA6E-B41DE41706F1}.Debug|x86.Build.0 = Debug|Any CPU
		{16DF9AC9-9066-4C33-AA6E-B41DE41706F1}.Release|Any CPU.ActiveCfg = Release|Any CPU
		{16DF9AC9-9066-4C33-AA6E-B41DE41706F1}.Release|Any CPU.Build.0 = Release|Any CPU
		{16DF9AC9-9066-4C33-AA6E-B41DE41706F1}.Release|x64.ActiveCfg = Release|Any CPU
		{16DF9AC9-9066-4C33-AA6E-B41DE41706F1}.Release|x64.Build.0 = Release|Any CPU
		{16DF9AC9-9066-4C33-AA6E-B41DE41706F1}.Release|x86.ActiveCfg = Release|Any CPU
		{16DF9AC9-9066-4C33-AA6E-B41DE41706F1}.Release|x86.Build.0 = Release|Any CPU
	EndGlobalSection
EndGlobal
