
Microsoft Visual Studio Solution File, Format Version 11.00
# Visual Studio 2010
Project("{FAE04EC0-301F-11D3-BF4B-00C04F79EFBC}") = "Ankura", "projects\production\Ankura\Ankura.csproj", "{6CF9456D-300D-4EA7-99C9-B80776EFC790}"
EndProject
Project("{2150E333-8FDC-42A3-9474-1A3956D46DE8}") = "Samples", "Samples", "{35910BEA-C89D-4FAD-985E-DCC6E35B63D7}"
EndProject
Project("{2150E333-8FDC-42A3-9474-1A3956D46DE8}") = "Production", "Production", "{BE39AE7C-FFA6-415A-A35C-08349CE2E8A8}"
EndProject
Project("{FAE04EC0-301F-11D3-BF4B-00C04F79EFBC}") = "Ankura.Samples.02-Triangle", "projects\samples\Ankura.Samples.02-Triangle\Ankura.Samples.02-Triangle.csproj", "{367413CC-E22F-4947-B548-2A49B16D0968}"
EndProject
Project("{FAE04EC0-301F-11D3-BF4B-00C04F79EFBC}") = "Ankura.Samples.03-Rectangle", "projects\samples\Ankura.Samples.03-Rectangle\Ankura.Samples.03-Rectangle.csproj", "{BDAC9D52-DA87-4182-859E-B990969B45A5}"
EndProject
Project("{FAE04EC0-301F-11D3-BF4B-00C04F79EFBC}") = "Ankura.Samples.01-Clear", "projects\samples\Ankura.Samples.01-Clear\Ankura.Samples.01-Clear.csproj", "{C4B5C7CC-1F1F-4B20-9138-F3561F252890}"
EndProject
Project("{FAE04EC0-301F-11D3-BF4B-00C04F79EFBC}") = "Ankura.Samples.04-BufferOffsets", "projects\samples\Ankura.Samples.04-BufferOffsets\Ankura.Samples.04-BufferOffsets.csproj", "{CFA1F4AF-35C9-43AD-AF17-9E3E3ABD4AFA}"
EndProject
Project("{FAE04EC0-301F-11D3-BF4B-00C04F79EFBC}") = "Ankura.Samples.05-Cube", "projects\samples\Ankura.Samples.05-Cube\Ankura.Samples.05-Cube.csproj", "{3706C25D-7FB6-4CB2-A0E7-166EC3B53D7A}"
EndProject
Project("{FAE04EC0-301F-11D3-BF4B-00C04F79EFBC}") = "Ankura.Samples.06-CubeTextured", "projects\samples\Ankura.Samples.06-CubeTextured\Ankura.Samples.06-CubeTextured.csproj", "{BA286D34-6DDD-4E28-BD15-22673C11F69F}"
EndProject
Project("{FAE04EC0-301F-11D3-BF4B-00C04F79EFBC}") = "Ankura.Samples.08-CubeRenderTarget", "projects\samples\Ankura.Samples.08-CubeRenderTarget\Ankura.Samples.08-CubeRenderTarget.csproj", "{B59AC00B-BF80-4E09-B769-0C08979B493C}"
EndProject
Project("{FAE04EC0-301F-11D3-BF4B-00C04F79EFBC}") = "Ankura.Samples.09-CubeMultipleRenderTargets", "projects\samples\Ankura.Samples.09-CubeMultipleRenderTargets\Ankura.Samples.09-CubeMultipleRenderTargets.csproj", "{3FEC8CB9-21A1-4D7C-9DA7-55D8FBE5236C}"
EndProject
Project("{FAE04EC0-301F-11D3-BF4B-00C04F79EFBC}") = "Ankura.Samples.07-CubeTexturedDynamic", "projects\samples\Ankura.Samples.07-CubeTexturedDynamic\Ankura.Samples.07-CubeTexturedDynamic.csproj", "{E7807771-8A4F-4609-ADE7-167244BE2614}"
EndProject
Project("{FAE04EC0-301F-11D3-BF4B-00C04F79EFBC}") = "Ankura.Samples.10-ParticlesInstancing", "projects\samples\Ankura.Samples.10-ParticlesInstancing\Ankura.Samples.10-ParticlesInstancing.csproj", "{CF3C9F05-3616-4924-B511-1292F902681A}"
EndProject
Global
	GlobalSection(SolutionConfigurationPlatforms) = preSolution
		Debug|x86 = Debug|x86
		Release|x86 = Release|x86
		Debug|x64 = Debug|x64
		Release|x64 = Release|x64
		Debug|AnyCPU = Debug|AnyCPU
		Release|AnyCPU = Release|AnyCPU
	EndGlobalSection
	GlobalSection(ProjectConfigurationPlatforms) = postSolution
		{6CF9456D-300D-4EA7-99C9-B80776EFC790}.Debug|x86.ActiveCfg = Debug|x64
		{6CF9456D-300D-4EA7-99C9-B80776EFC790}.Debug|x86.Build.0 = Debug|x64
		{6CF9456D-300D-4EA7-99C9-B80776EFC790}.Release|x86.ActiveCfg = Release|x64
		{6CF9456D-300D-4EA7-99C9-B80776EFC790}.Release|x86.Build.0 = Release|x64
		{6CF9456D-300D-4EA7-99C9-B80776EFC790}.Debug|x64.ActiveCfg = Debug|x64
		{6CF9456D-300D-4EA7-99C9-B80776EFC790}.Debug|x64.Build.0 = Debug|x64
		{6CF9456D-300D-4EA7-99C9-B80776EFC790}.Release|x64.ActiveCfg = Release|x64
		{6CF9456D-300D-4EA7-99C9-B80776EFC790}.Release|x64.Build.0 = Release|x64
		{6CF9456D-300D-4EA7-99C9-B80776EFC790}.Debug|AnyCPU.ActiveCfg = Debug|x64
		{6CF9456D-300D-4EA7-99C9-B80776EFC790}.Debug|AnyCPU.Build.0 = Debug|x64
		{6CF9456D-300D-4EA7-99C9-B80776EFC790}.Release|AnyCPU.ActiveCfg = Release|x64
		{6CF9456D-300D-4EA7-99C9-B80776EFC790}.Release|AnyCPU.Build.0 = Release|x64
		{367413CC-E22F-4947-B548-2A49B16D0968}.Debug|x86.ActiveCfg = Debug|Any CPU
		{367413CC-E22F-4947-B548-2A49B16D0968}.Debug|x86.Build.0 = Debug|Any CPU
		{367413CC-E22F-4947-B548-2A49B16D0968}.Release|x86.ActiveCfg = Release|Any CPU
		{367413CC-E22F-4947-B548-2A49B16D0968}.Release|x86.Build.0 = Release|Any CPU
		{367413CC-E22F-4947-B548-2A49B16D0968}.Debug|x64.ActiveCfg = Debug|Any CPU
		{367413CC-E22F-4947-B548-2A49B16D0968}.Debug|x64.Build.0 = Debug|Any CPU
		{367413CC-E22F-4947-B548-2A49B16D0968}.Release|x64.ActiveCfg = Release|Any CPU
		{367413CC-E22F-4947-B548-2A49B16D0968}.Release|x64.Build.0 = Release|Any CPU
		{367413CC-E22F-4947-B548-2A49B16D0968}.Debug|AnyCPU.ActiveCfg = Debug|Any CPU
		{367413CC-E22F-4947-B548-2A49B16D0968}.Debug|AnyCPU.Build.0 = Debug|Any CPU
		{367413CC-E22F-4947-B548-2A49B16D0968}.Release|AnyCPU.ActiveCfg = Release|Any CPU
		{367413CC-E22F-4947-B548-2A49B16D0968}.Release|AnyCPU.Build.0 = Release|Any CPU
		{BDAC9D52-DA87-4182-859E-B990969B45A5}.Debug|x86.ActiveCfg = Debug|Any CPU
		{BDAC9D52-DA87-4182-859E-B990969B45A5}.Debug|x86.Build.0 = Debug|Any CPU
		{BDAC9D52-DA87-4182-859E-B990969B45A5}.Release|x86.ActiveCfg = Release|Any CPU
		{BDAC9D52-DA87-4182-859E-B990969B45A5}.Release|x86.Build.0 = Release|Any CPU
		{BDAC9D52-DA87-4182-859E-B990969B45A5}.Debug|x64.ActiveCfg = Debug|Any CPU
		{BDAC9D52-DA87-4182-859E-B990969B45A5}.Debug|x64.Build.0 = Debug|Any CPU
		{BDAC9D52-DA87-4182-859E-B990969B45A5}.Release|x64.ActiveCfg = Release|Any CPU
		{BDAC9D52-DA87-4182-859E-B990969B45A5}.Release|x64.Build.0 = Release|Any CPU
		{BDAC9D52-DA87-4182-859E-B990969B45A5}.Debug|AnyCPU.ActiveCfg = Debug|Any CPU
		{BDAC9D52-DA87-4182-859E-B990969B45A5}.Debug|AnyCPU.Build.0 = Debug|Any CPU
		{BDAC9D52-DA87-4182-859E-B990969B45A5}.Release|AnyCPU.ActiveCfg = Release|Any CPU
		{BDAC9D52-DA87-4182-859E-B990969B45A5}.Release|AnyCPU.Build.0 = Release|Any CPU
		{C4B5C7CC-1F1F-4B20-9138-F3561F252890}.Debug|x86.ActiveCfg = Debug|Any CPU
		{C4B5C7CC-1F1F-4B20-9138-F3561F252890}.Debug|x86.Build.0 = Debug|Any CPU
		{C4B5C7CC-1F1F-4B20-9138-F3561F252890}.Release|x86.ActiveCfg = Release|Any CPU
		{C4B5C7CC-1F1F-4B20-9138-F3561F252890}.Release|x86.Build.0 = Release|Any CPU
		{C4B5C7CC-1F1F-4B20-9138-F3561F252890}.Debug|x64.ActiveCfg = Debug|Any CPU
		{C4B5C7CC-1F1F-4B20-9138-F3561F252890}.Debug|x64.Build.0 = Debug|Any CPU
		{C4B5C7CC-1F1F-4B20-9138-F3561F252890}.Release|x64.ActiveCfg = Release|Any CPU
		{C4B5C7CC-1F1F-4B20-9138-F3561F252890}.Release|x64.Build.0 = Release|Any CPU
		{C4B5C7CC-1F1F-4B20-9138-F3561F252890}.Debug|AnyCPU.ActiveCfg = Debug|Any CPU
		{C4B5C7CC-1F1F-4B20-9138-F3561F252890}.Debug|AnyCPU.Build.0 = Debug|Any CPU
		{C4B5C7CC-1F1F-4B20-9138-F3561F252890}.Release|AnyCPU.ActiveCfg = Release|Any CPU
		{C4B5C7CC-1F1F-4B20-9138-F3561F252890}.Release|AnyCPU.Build.0 = Release|Any CPU
		{CFA1F4AF-35C9-43AD-AF17-9E3E3ABD4AFA}.Debug|x86.ActiveCfg = Debug|Any CPU
		{CFA1F4AF-35C9-43AD-AF17-9E3E3ABD4AFA}.Debug|x86.Build.0 = Debug|Any CPU
		{CFA1F4AF-35C9-43AD-AF17-9E3E3ABD4AFA}.Release|x86.ActiveCfg = Release|Any CPU
		{CFA1F4AF-35C9-43AD-AF17-9E3E3ABD4AFA}.Release|x86.Build.0 = Release|Any CPU
		{CFA1F4AF-35C9-43AD-AF17-9E3E3ABD4AFA}.Debug|x64.ActiveCfg = Debug|Any CPU
		{CFA1F4AF-35C9-43AD-AF17-9E3E3ABD4AFA}.Debug|x64.Build.0 = Debug|Any CPU
		{CFA1F4AF-35C9-43AD-AF17-9E3E3ABD4AFA}.Release|x64.ActiveCfg = Release|Any CPU
		{CFA1F4AF-35C9-43AD-AF17-9E3E3ABD4AFA}.Release|x64.Build.0 = Release|Any CPU
		{CFA1F4AF-35C9-43AD-AF17-9E3E3ABD4AFA}.Debug|AnyCPU.ActiveCfg = Debug|Any CPU
		{CFA1F4AF-35C9-43AD-AF17-9E3E3ABD4AFA}.Debug|AnyCPU.Build.0 = Debug|Any CPU
		{CFA1F4AF-35C9-43AD-AF17-9E3E3ABD4AFA}.Release|AnyCPU.ActiveCfg = Release|Any CPU
		{CFA1F4AF-35C9-43AD-AF17-9E3E3ABD4AFA}.Release|AnyCPU.Build.0 = Release|Any CPU
		{3706C25D-7FB6-4CB2-A0E7-166EC3B53D7A}.Debug|x86.ActiveCfg = Debug|Any CPU
		{3706C25D-7FB6-4CB2-A0E7-166EC3B53D7A}.Debug|x86.Build.0 = Debug|Any CPU
		{3706C25D-7FB6-4CB2-A0E7-166EC3B53D7A}.Release|x86.ActiveCfg = Release|Any CPU
		{3706C25D-7FB6-4CB2-A0E7-166EC3B53D7A}.Release|x86.Build.0 = Release|Any CPU
		{3706C25D-7FB6-4CB2-A0E7-166EC3B53D7A}.Debug|x64.ActiveCfg = Debug|Any CPU
		{3706C25D-7FB6-4CB2-A0E7-166EC3B53D7A}.Debug|x64.Build.0 = Debug|Any CPU
		{3706C25D-7FB6-4CB2-A0E7-166EC3B53D7A}.Release|x64.ActiveCfg = Release|Any CPU
		{3706C25D-7FB6-4CB2-A0E7-166EC3B53D7A}.Release|x64.Build.0 = Release|Any CPU
		{3706C25D-7FB6-4CB2-A0E7-166EC3B53D7A}.Debug|AnyCPU.ActiveCfg = Debug|Any CPU
		{3706C25D-7FB6-4CB2-A0E7-166EC3B53D7A}.Debug|AnyCPU.Build.0 = Debug|Any CPU
		{3706C25D-7FB6-4CB2-A0E7-166EC3B53D7A}.Release|AnyCPU.ActiveCfg = Release|Any CPU
		{3706C25D-7FB6-4CB2-A0E7-166EC3B53D7A}.Release|AnyCPU.Build.0 = Release|Any CPU
		{BA286D34-6DDD-4E28-BD15-22673C11F69F}.Debug|x86.ActiveCfg = Debug|Any CPU
		{BA286D34-6DDD-4E28-BD15-22673C11F69F}.Debug|x86.Build.0 = Debug|Any CPU
		{BA286D34-6DDD-4E28-BD15-22673C11F69F}.Release|x86.ActiveCfg = Release|Any CPU
		{BA286D34-6DDD-4E28-BD15-22673C11F69F}.Release|x86.Build.0 = Release|Any CPU
		{BA286D34-6DDD-4E28-BD15-22673C11F69F}.Debug|x64.ActiveCfg = Debug|Any CPU
		{BA286D34-6DDD-4E28-BD15-22673C11F69F}.Debug|x64.Build.0 = Debug|Any CPU
		{BA286D34-6DDD-4E28-BD15-22673C11F69F}.Release|x64.ActiveCfg = Release|Any CPU
		{BA286D34-6DDD-4E28-BD15-22673C11F69F}.Release|x64.Build.0 = Release|Any CPU
		{BA286D34-6DDD-4E28-BD15-22673C11F69F}.Debug|AnyCPU.ActiveCfg = Debug|Any CPU
		{BA286D34-6DDD-4E28-BD15-22673C11F69F}.Debug|AnyCPU.Build.0 = Debug|Any CPU
		{BA286D34-6DDD-4E28-BD15-22673C11F69F}.Release|AnyCPU.ActiveCfg = Release|Any CPU
		{BA286D34-6DDD-4E28-BD15-22673C11F69F}.Release|AnyCPU.Build.0 = Release|Any CPU
		{B59AC00B-BF80-4E09-B769-0C08979B493C}.Debug|x86.ActiveCfg = Debug|Any CPU
		{B59AC00B-BF80-4E09-B769-0C08979B493C}.Debug|x86.Build.0 = Debug|Any CPU
		{B59AC00B-BF80-4E09-B769-0C08979B493C}.Release|x86.ActiveCfg = Release|Any CPU
		{B59AC00B-BF80-4E09-B769-0C08979B493C}.Release|x86.Build.0 = Release|Any CPU
		{B59AC00B-BF80-4E09-B769-0C08979B493C}.Debug|x64.ActiveCfg = Debug|Any CPU
		{B59AC00B-BF80-4E09-B769-0C08979B493C}.Debug|x64.Build.0 = Debug|Any CPU
		{B59AC00B-BF80-4E09-B769-0C08979B493C}.Release|x64.ActiveCfg = Release|Any CPU
		{B59AC00B-BF80-4E09-B769-0C08979B493C}.Release|x64.Build.0 = Release|Any CPU
		{B59AC00B-BF80-4E09-B769-0C08979B493C}.Debug|AnyCPU.ActiveCfg = Debug|Any CPU
		{B59AC00B-BF80-4E09-B769-0C08979B493C}.Debug|AnyCPU.Build.0 = Debug|Any CPU
		{B59AC00B-BF80-4E09-B769-0C08979B493C}.Release|AnyCPU.ActiveCfg = Release|Any CPU
		{B59AC00B-BF80-4E09-B769-0C08979B493C}.Release|AnyCPU.Build.0 = Release|Any CPU
		{3FEC8CB9-21A1-4D7C-9DA7-55D8FBE5236C}.Debug|x86.ActiveCfg = Debug|Any CPU
		{3FEC8CB9-21A1-4D7C-9DA7-55D8FBE5236C}.Debug|x86.Build.0 = Debug|Any CPU
		{3FEC8CB9-21A1-4D7C-9DA7-55D8FBE5236C}.Release|x86.ActiveCfg = Release|Any CPU
		{3FEC8CB9-21A1-4D7C-9DA7-55D8FBE5236C}.Release|x86.Build.0 = Release|Any CPU
		{3FEC8CB9-21A1-4D7C-9DA7-55D8FBE5236C}.Debug|x64.ActiveCfg = Debug|Any CPU
		{3FEC8CB9-21A1-4D7C-9DA7-55D8FBE5236C}.Debug|x64.Build.0 = Debug|Any CPU
		{3FEC8CB9-21A1-4D7C-9DA7-55D8FBE5236C}.Release|x64.ActiveCfg = Release|Any CPU
		{3FEC8CB9-21A1-4D7C-9DA7-55D8FBE5236C}.Release|x64.Build.0 = Release|Any CPU
		{3FEC8CB9-21A1-4D7C-9DA7-55D8FBE5236C}.Debug|AnyCPU.ActiveCfg = Debug|Any CPU
		{3FEC8CB9-21A1-4D7C-9DA7-55D8FBE5236C}.Debug|AnyCPU.Build.0 = Debug|Any CPU
		{3FEC8CB9-21A1-4D7C-9DA7-55D8FBE5236C}.Release|AnyCPU.ActiveCfg = Release|Any CPU
		{3FEC8CB9-21A1-4D7C-9DA7-55D8FBE5236C}.Release|AnyCPU.Build.0 = Release|Any CPU
		{E7807771-8A4F-4609-ADE7-167244BE2614}.Debug|x86.ActiveCfg = Debug|Any CPU
		{E7807771-8A4F-4609-ADE7-167244BE2614}.Debug|x86.Build.0 = Debug|Any CPU
		{E7807771-8A4F-4609-ADE7-167244BE2614}.Release|x86.ActiveCfg = Release|Any CPU
		{E7807771-8A4F-4609-ADE7-167244BE2614}.Release|x86.Build.0 = Release|Any CPU
		{E7807771-8A4F-4609-ADE7-167244BE2614}.Debug|x64.ActiveCfg = Debug|Any CPU
		{E7807771-8A4F-4609-ADE7-167244BE2614}.Debug|x64.Build.0 = Debug|Any CPU
		{E7807771-8A4F-4609-ADE7-167244BE2614}.Release|x64.ActiveCfg = Release|Any CPU
		{E7807771-8A4F-4609-ADE7-167244BE2614}.Release|x64.Build.0 = Release|Any CPU
		{E7807771-8A4F-4609-ADE7-167244BE2614}.Debug|AnyCPU.ActiveCfg = Debug|Any CPU
		{E7807771-8A4F-4609-ADE7-167244BE2614}.Debug|AnyCPU.Build.0 = Debug|Any CPU
		{E7807771-8A4F-4609-ADE7-167244BE2614}.Release|AnyCPU.ActiveCfg = Release|Any CPU
		{E7807771-8A4F-4609-ADE7-167244BE2614}.Release|AnyCPU.Build.0 = Release|Any CPU
		{CF3C9F05-3616-4924-B511-1292F902681A}.Debug|x86.ActiveCfg = Debug|Any CPU
		{CF3C9F05-3616-4924-B511-1292F902681A}.Debug|x86.Build.0 = Debug|Any CPU
		{CF3C9F05-3616-4924-B511-1292F902681A}.Release|x86.ActiveCfg = Release|Any CPU
		{CF3C9F05-3616-4924-B511-1292F902681A}.Release|x86.Build.0 = Release|Any CPU
		{CF3C9F05-3616-4924-B511-1292F902681A}.Debug|x64.ActiveCfg = Debug|Any CPU
		{CF3C9F05-3616-4924-B511-1292F902681A}.Debug|x64.Build.0 = Debug|Any CPU
		{CF3C9F05-3616-4924-B511-1292F902681A}.Release|x64.ActiveCfg = Release|Any CPU
		{CF3C9F05-3616-4924-B511-1292F902681A}.Release|x64.Build.0 = Release|Any CPU
		{CF3C9F05-3616-4924-B511-1292F902681A}.Debug|AnyCPU.ActiveCfg = Debug|Any CPU
		{CF3C9F05-3616-4924-B511-1292F902681A}.Debug|AnyCPU.Build.0 = Debug|Any CPU
		{CF3C9F05-3616-4924-B511-1292F902681A}.Release|AnyCPU.ActiveCfg = Release|Any CPU
		{CF3C9F05-3616-4924-B511-1292F902681A}.Release|AnyCPU.Build.0 = Release|Any CPU
	EndGlobalSection
	GlobalSection(MonoDevelopProperties) = preSolution
		StartupItem = FNA.csproj
	EndGlobalSection
	GlobalSection(NestedProjects) = preSolution
		{6CF9456D-300D-4EA7-99C9-B80776EFC790} = {BE39AE7C-FFA6-415A-A35C-08349CE2E8A8}
		{367413CC-E22F-4947-B548-2A49B16D0968} = {35910BEA-C89D-4FAD-985E-DCC6E35B63D7}
		{BDAC9D52-DA87-4182-859E-B990969B45A5} = {35910BEA-C89D-4FAD-985E-DCC6E35B63D7}
		{C4B5C7CC-1F1F-4B20-9138-F3561F252890} = {35910BEA-C89D-4FAD-985E-DCC6E35B63D7}
		{CFA1F4AF-35C9-43AD-AF17-9E3E3ABD4AFA} = {35910BEA-C89D-4FAD-985E-DCC6E35B63D7}
		{3706C25D-7FB6-4CB2-A0E7-166EC3B53D7A} = {35910BEA-C89D-4FAD-985E-DCC6E35B63D7}
		{BA286D34-6DDD-4E28-BD15-22673C11F69F} = {35910BEA-C89D-4FAD-985E-DCC6E35B63D7}
		{B59AC00B-BF80-4E09-B769-0C08979B493C} = {35910BEA-C89D-4FAD-985E-DCC6E35B63D7}
		{3FEC8CB9-21A1-4D7C-9DA7-55D8FBE5236C} = {35910BEA-C89D-4FAD-985E-DCC6E35B63D7}
		{E7807771-8A4F-4609-ADE7-167244BE2614} = {35910BEA-C89D-4FAD-985E-DCC6E35B63D7}
		{CF3C9F05-3616-4924-B511-1292F902681A} = {35910BEA-C89D-4FAD-985E-DCC6E35B63D7}
	EndGlobalSection
EndGlobal
