
Microsoft Visual Studio Solution File, Format Version 11.00
# Visual Studio 2010
Project("{FAE04EC0-301F-11D3-BF4B-00C04F79EFBC}") = "Katabasis.Framework", "projects\production\Katabasis.Framework\Katabasis.Framework.csproj", "{6CF9456D-300D-4EA7-99C9-B80776EFC790}"
EndProject
Project("{2150E333-8FDC-42A3-9474-1A3956D46DE8}") = "Samples", "Samples", "{35910BEA-C89D-4FAD-985E-DCC6E35B63D7}"
EndProject
Project("{2150E333-8FDC-42A3-9474-1A3956D46DE8}") = "Production", "Production", "{BE39AE7C-FFA6-415A-A35C-08349CE2E8A8}"
EndProject
Project("{2150E333-8FDC-42A3-9474-1A3956D46DE8}") = "Graphics", "Graphics", "{AE115228-207F-4697-BAD2-A7F199E5BFAE}"
EndProject
Project("{FAE04EC0-301F-11D3-BF4B-00C04F79EFBC}") = "Katabasis.Samples.Graphics.01-Clear", "projects\samples\graphics\Katabasis.Samples.Graphics.01-Clear\Katabasis.Samples.Graphics.01-Clear.csproj", "{FC5B9905-EE85-4564-AADB-70CEA206ADA8}"
EndProject
Project("{FAE04EC0-301F-11D3-BF4B-00C04F79EFBC}") = "Katabasis.Samples.Graphics.02-Triangle", "projects\samples\graphics\Katabasis.Samples.Graphics.02-Triangle\Katabasis.Samples.Graphics.02-Triangle.csproj", "{1C2AB21B-2F6A-4FF6-9B3D-EC138073B39E}"
EndProject
Project("{FAE04EC0-301F-11D3-BF4B-00C04F79EFBC}") = "Katabasis.Samples.Graphics.03-Rectangle", "projects\samples\graphics\Katabasis.Samples.Graphics.03-Rectangle\Katabasis.Samples.Graphics.03-Rectangle.csproj", "{0A745272-9650-4DB3-A906-96BACE03344D}"
EndProject
Project("{FAE04EC0-301F-11D3-BF4B-00C04F79EFBC}") = "Katabasis.Samples.Graphics.04-BufferOffsets", "projects\samples\graphics\Katabasis.Samples.Graphics.04-BufferOffsets\Katabasis.Samples.Graphics.04-BufferOffsets.csproj", "{190332ED-EFF9-4463-BB0F-12B679CE8D78}"
EndProject
Project("{FAE04EC0-301F-11D3-BF4B-00C04F79EFBC}") = "Katabasis.Samples.Graphics.05-Cube", "projects\samples\graphics\Katabasis.Samples.Graphics.05-Cube\Katabasis.Samples.Graphics.05-Cube.csproj", "{C13DCA0A-3037-4E09-B550-8F8339FB1A9B}"
EndProject
Project("{FAE04EC0-301F-11D3-BF4B-00C04F79EFBC}") = "Katabasis.Samples.Graphics.06-CubeTexture2D", "projects\samples\graphics\Katabasis.Samples.Graphics.06-CubeTexture2D\Katabasis.Samples.Graphics.06-CubeTexture2D.csproj", "{B3377A8D-FFF1-45E6-BF76-7DFD351B4F9F}"
EndProject
Project("{FAE04EC0-301F-11D3-BF4B-00C04F79EFBC}") = "Katabasis.Samples.Graphics.08-CubeDynamicTexture2D", "projects\samples\graphics\Katabasis.Samples.Graphics.08-CubeDynamicTexture2D\Katabasis.Samples.Graphics.08-CubeDynamicTexture2D.csproj", "{D640C1E7-94D4-411D-9171-1DD4BFAE9B45}"
EndProject
Project("{FAE04EC0-301F-11D3-BF4B-00C04F79EFBC}") = "Katabasis.Samples.Graphics.09-RenderTarget", "projects\samples\graphics\Katabasis.Samples.Graphics.09-RenderTarget\Katabasis.Samples.Graphics.09-RenderTarget.csproj", "{C90A643E-AAE0-4637-93EF-15D550CE9227}"
EndProject
Project("{FAE04EC0-301F-11D3-BF4B-00C04F79EFBC}") = "Katabasis.Samples.Graphics.10-MultipleRenderTargets", "projects\samples\graphics\Katabasis.Samples.Graphics.10-MultipleRenderTargets\Katabasis.Samples.Graphics.10-MultipleRenderTargets.csproj", "{63BD819A-A61B-409E-92BC-B9E1A4C0A575}"
EndProject
Project("{FAE04EC0-301F-11D3-BF4B-00C04F79EFBC}") = "Katabasis.Samples.Graphics.12-ParticlesInstancing", "projects\samples\graphics\Katabasis.Samples.Graphics.12-ParticlesInstancing\Katabasis.Samples.Graphics.12-ParticlesInstancing.csproj", "{D5EF0542-EA48-4B70-9F74-001AEF165F20}"
EndProject
Project("{2150E333-8FDC-42A3-9474-1A3956D46DE8}") = "Input", "Input", "{39F33FD1-0DEA-48D0-9415-C1932E2DEC43}"
EndProject
Project("{FAE04EC0-301F-11D3-BF4B-00C04F79EFBC}") = "Katabasis.Samples.Input.01-Mouse", "projects\samples\input\Katabasis.Samples.Input.01-Mouse\Katabasis.Samples.Input.01-Mouse.csproj", "{CBFF83A4-7493-4D89-83C1-78D759EEDD94}"
EndProject
Project("{FAE04EC0-301F-11D3-BF4B-00C04F79EFBC}") = "Katabasis.Samples.Graphics.11-CubeTexture3D", "projects\samples\graphics\Katabasis.Samples.Graphics.11-CubeTexture3D\Katabasis.Samples.Graphics.11-CubeTexture3D.csproj", "{D246FF73-7E9E-4E06-AA42-538D96C394A2}"
EndProject
Project("{FAE04EC0-301F-11D3-BF4B-00C04F79EFBC}") = "Katabasis.Samples.Graphics.07-TextureCoordinates2D", "projects\samples\graphics\Katabasis.Samples.Graphics.07-TextureCoordinates2D\Katabasis.Samples.Graphics.07-TextureCoordinates2D.csproj", "{3C227360-D146-4011-AE7C-40AADD1EBD82}"
EndProject
Project("{FAE04EC0-301F-11D3-BF4B-00C04F79EFBC}") = "Katabasis.Extended", "projects\production\Katabasis.Extended\Katabasis.Extended.csproj", "{DAB20B7A-A543-46C3-8369-9D721FA3A74A}"
EndProject
Global
	GlobalSection(SolutionConfigurationPlatforms) = preSolution
		Debug|x86 = Debug|x86
		Release|x86 = Release|x86
		Debug|x64 = Debug|x64
		Release|x64 = Release|x64
		Debug|AnyCPU = Debug|AnyCPU
		Release|AnyCPU = Release|AnyCPU
	EndGlobalSection
	GlobalSection(ProjectConfigurationPlatforms) = postSolution
		{6CF9456D-300D-4EA7-99C9-B80776EFC790}.Debug|x86.ActiveCfg = Debug|x64
		{6CF9456D-300D-4EA7-99C9-B80776EFC790}.Debug|x86.Build.0 = Debug|x64
		{6CF9456D-300D-4EA7-99C9-B80776EFC790}.Release|x86.ActiveCfg = Release|x64
		{6CF9456D-300D-4EA7-99C9-B80776EFC790}.Release|x86.Build.0 = Release|x64
		{6CF9456D-300D-4EA7-99C9-B80776EFC790}.Debug|x64.ActiveCfg = Debug|x64
		{6CF9456D-300D-4EA7-99C9-B80776EFC790}.Debug|x64.Build.0 = Debug|x64
		{6CF9456D-300D-4EA7-99C9-B80776EFC790}.Release|x64.ActiveCfg = Release|x64
		{6CF9456D-300D-4EA7-99C9-B80776EFC790}.Release|x64.Build.0 = Release|x64
		{6CF9456D-300D-4EA7-99C9-B80776EFC790}.Debug|AnyCPU.ActiveCfg = Debug|x64
		{6CF9456D-300D-4EA7-99C9-B80776EFC790}.Debug|AnyCPU.Build.0 = Debug|x64
		{6CF9456D-300D-4EA7-99C9-B80776EFC790}.Release|AnyCPU.ActiveCfg = Release|x64
		{6CF9456D-300D-4EA7-99C9-B80776EFC790}.Release|AnyCPU.Build.0 = Release|x64
		{FC5B9905-EE85-4564-AADB-70CEA206ADA8}.Debug|x86.ActiveCfg = Debug|Any CPU
		{FC5B9905-EE85-4564-AADB-70CEA206ADA8}.Debug|x86.Build.0 = Debug|Any CPU
		{FC5B9905-EE85-4564-AADB-70CEA206ADA8}.Release|x86.ActiveCfg = Release|Any CPU
		{FC5B9905-EE85-4564-AADB-70CEA206ADA8}.Release|x86.Build.0 = Release|Any CPU
		{FC5B9905-EE85-4564-AADB-70CEA206ADA8}.Debug|x64.ActiveCfg = Debug|Any CPU
		{FC5B9905-EE85-4564-AADB-70CEA206ADA8}.Debug|x64.Build.0 = Debug|Any CPU
		{FC5B9905-EE85-4564-AADB-70CEA206ADA8}.Release|x64.ActiveCfg = Release|Any CPU
		{FC5B9905-EE85-4564-AADB-70CEA206ADA8}.Release|x64.Build.0 = Release|Any CPU
		{FC5B9905-EE85-4564-AADB-70CEA206ADA8}.Debug|AnyCPU.ActiveCfg = Debug|Any CPU
		{FC5B9905-EE85-4564-AADB-70CEA206ADA8}.Debug|AnyCPU.Build.0 = Debug|Any CPU
		{FC5B9905-EE85-4564-AADB-70CEA206ADA8}.Release|AnyCPU.ActiveCfg = Release|Any CPU
		{FC5B9905-EE85-4564-AADB-70CEA206ADA8}.Release|AnyCPU.Build.0 = Release|Any CPU
		{1C2AB21B-2F6A-4FF6-9B3D-EC138073B39E}.Debug|x86.ActiveCfg = Debug|Any CPU
		{1C2AB21B-2F6A-4FF6-9B3D-EC138073B39E}.Debug|x86.Build.0 = Debug|Any CPU
		{1C2AB21B-2F6A-4FF6-9B3D-EC138073B39E}.Release|x86.ActiveCfg = Release|Any CPU
		{1C2AB21B-2F6A-4FF6-9B3D-EC138073B39E}.Release|x86.Build.0 = Release|Any CPU
		{1C2AB21B-2F6A-4FF6-9B3D-EC138073B39E}.Debug|x64.ActiveCfg = Debug|Any CPU
		{1C2AB21B-2F6A-4FF6-9B3D-EC138073B39E}.Debug|x64.Build.0 = Debug|Any CPU
		{1C2AB21B-2F6A-4FF6-9B3D-EC138073B39E}.Release|x64.ActiveCfg = Release|Any CPU
		{1C2AB21B-2F6A-4FF6-9B3D-EC138073B39E}.Release|x64.Build.0 = Release|Any CPU
		{1C2AB21B-2F6A-4FF6-9B3D-EC138073B39E}.Debug|AnyCPU.ActiveCfg = Debug|Any CPU
		{1C2AB21B-2F6A-4FF6-9B3D-EC138073B39E}.Debug|AnyCPU.Build.0 = Debug|Any CPU
		{1C2AB21B-2F6A-4FF6-9B3D-EC138073B39E}.Release|AnyCPU.ActiveCfg = Release|Any CPU
		{1C2AB21B-2F6A-4FF6-9B3D-EC138073B39E}.Release|AnyCPU.Build.0 = Release|Any CPU
		{0A745272-9650-4DB3-A906-96BACE03344D}.Debug|x86.ActiveCfg = Debug|Any CPU
		{0A745272-9650-4DB3-A906-96BACE03344D}.Debug|x86.Build.0 = Debug|Any CPU
		{0A745272-9650-4DB3-A906-96BACE03344D}.Release|x86.ActiveCfg = Release|Any CPU
		{0A745272-9650-4DB3-A906-96BACE03344D}.Release|x86.Build.0 = Release|Any CPU
		{0A745272-9650-4DB3-A906-96BACE03344D}.Debug|x64.ActiveCfg = Debug|Any CPU
		{0A745272-9650-4DB3-A906-96BACE03344D}.Debug|x64.Build.0 = Debug|Any CPU
		{0A745272-9650-4DB3-A906-96BACE03344D}.Release|x64.ActiveCfg = Release|Any CPU
		{0A745272-9650-4DB3-A906-96BACE03344D}.Release|x64.Build.0 = Release|Any CPU
		{0A745272-9650-4DB3-A906-96BACE03344D}.Debug|AnyCPU.ActiveCfg = Debug|Any CPU
		{0A745272-9650-4DB3-A906-96BACE03344D}.Debug|AnyCPU.Build.0 = Debug|Any CPU
		{0A745272-9650-4DB3-A906-96BACE03344D}.Release|AnyCPU.ActiveCfg = Release|Any CPU
		{0A745272-9650-4DB3-A906-96BACE03344D}.Release|AnyCPU.Build.0 = Release|Any CPU
		{190332ED-EFF9-4463-BB0F-12B679CE8D78}.Debug|x86.ActiveCfg = Debug|Any CPU
		{190332ED-EFF9-4463-BB0F-12B679CE8D78}.Debug|x86.Build.0 = Debug|Any CPU
		{190332ED-EFF9-4463-BB0F-12B679CE8D78}.Release|x86.ActiveCfg = Release|Any CPU
		{190332ED-EFF9-4463-BB0F-12B679CE8D78}.Release|x86.Build.0 = Release|Any CPU
		{190332ED-EFF9-4463-BB0F-12B679CE8D78}.Debug|x64.ActiveCfg = Debug|Any CPU
		{190332ED-EFF9-4463-BB0F-12B679CE8D78}.Debug|x64.Build.0 = Debug|Any CPU
		{190332ED-EFF9-4463-BB0F-12B679CE8D78}.Release|x64.ActiveCfg = Release|Any CPU
		{190332ED-EFF9-4463-BB0F-12B679CE8D78}.Release|x64.Build.0 = Release|Any CPU
		{190332ED-EFF9-4463-BB0F-12B679CE8D78}.Debug|AnyCPU.ActiveCfg = Debug|Any CPU
		{190332ED-EFF9-4463-BB0F-12B679CE8D78}.Debug|AnyCPU.Build.0 = Debug|Any CPU
		{190332ED-EFF9-4463-BB0F-12B679CE8D78}.Release|AnyCPU.ActiveCfg = Release|Any CPU
		{190332ED-EFF9-4463-BB0F-12B679CE8D78}.Release|AnyCPU.Build.0 = Release|Any CPU
		{C13DCA0A-3037-4E09-B550-8F8339FB1A9B}.Debug|x86.ActiveCfg = Debug|Any CPU
		{C13DCA0A-3037-4E09-B550-8F8339FB1A9B}.Debug|x86.Build.0 = Debug|Any CPU
		{C13DCA0A-3037-4E09-B550-8F8339FB1A9B}.Release|x86.ActiveCfg = Release|Any CPU
		{C13DCA0A-3037-4E09-B550-8F8339FB1A9B}.Release|x86.Build.0 = Release|Any CPU
		{C13DCA0A-3037-4E09-B550-8F8339FB1A9B}.Debug|x64.ActiveCfg = Debug|Any CPU
		{C13DCA0A-3037-4E09-B550-8F8339FB1A9B}.Debug|x64.Build.0 = Debug|Any CPU
		{C13DCA0A-3037-4E09-B550-8F8339FB1A9B}.Release|x64.ActiveCfg = Release|Any CPU
		{C13DCA0A-3037-4E09-B550-8F8339FB1A9B}.Release|x64.Build.0 = Release|Any CPU
		{C13DCA0A-3037-4E09-B550-8F8339FB1A9B}.Debug|AnyCPU.ActiveCfg = Debug|Any CPU
		{C13DCA0A-3037-4E09-B550-8F8339FB1A9B}.Debug|AnyCPU.Build.0 = Debug|Any CPU
		{C13DCA0A-3037-4E09-B550-8F8339FB1A9B}.Release|AnyCPU.ActiveCfg = Release|Any CPU
		{C13DCA0A-3037-4E09-B550-8F8339FB1A9B}.Release|AnyCPU.Build.0 = Release|Any CPU
		{B3377A8D-FFF1-45E6-BF76-7DFD351B4F9F}.Debug|x86.ActiveCfg = Debug|Any CPU
		{B3377A8D-FFF1-45E6-BF76-7DFD351B4F9F}.Debug|x86.Build.0 = Debug|Any CPU
		{B3377A8D-FFF1-45E6-BF76-7DFD351B4F9F}.Release|x86.ActiveCfg = Release|Any CPU
		{B3377A8D-FFF1-45E6-BF76-7DFD351B4F9F}.Release|x86.Build.0 = Release|Any CPU
		{B3377A8D-FFF1-45E6-BF76-7DFD351B4F9F}.Debug|x64.ActiveCfg = Debug|Any CPU
		{B3377A8D-FFF1-45E6-BF76-7DFD351B4F9F}.Debug|x64.Build.0 = Debug|Any CPU
		{B3377A8D-FFF1-45E6-BF76-7DFD351B4F9F}.Release|x64.ActiveCfg = Release|Any CPU
		{B3377A8D-FFF1-45E6-BF76-7DFD351B4F9F}.Release|x64.Build.0 = Release|Any CPU
		{B3377A8D-FFF1-45E6-BF76-7DFD351B4F9F}.Debug|AnyCPU.ActiveCfg = Debug|Any CPU
		{B3377A8D-FFF1-45E6-BF76-7DFD351B4F9F}.Debug|AnyCPU.Build.0 = Debug|Any CPU
		{B3377A8D-FFF1-45E6-BF76-7DFD351B4F9F}.Release|AnyCPU.ActiveCfg = Release|Any CPU
		{B3377A8D-FFF1-45E6-BF76-7DFD351B4F9F}.Release|AnyCPU.Build.0 = Release|Any CPU
		{D640C1E7-94D4-411D-9171-1DD4BFAE9B45}.Debug|x86.ActiveCfg = Debug|Any CPU
		{D640C1E7-94D4-411D-9171-1DD4BFAE9B45}.Debug|x86.Build.0 = Debug|Any CPU
		{D640C1E7-94D4-411D-9171-1DD4BFAE9B45}.Release|x86.ActiveCfg = Release|Any CPU
		{D640C1E7-94D4-411D-9171-1DD4BFAE9B45}.Release|x86.Build.0 = Release|Any CPU
		{D640C1E7-94D4-411D-9171-1DD4BFAE9B45}.Debug|x64.ActiveCfg = Debug|Any CPU
		{D640C1E7-94D4-411D-9171-1DD4BFAE9B45}.Debug|x64.Build.0 = Debug|Any CPU
		{D640C1E7-94D4-411D-9171-1DD4BFAE9B45}.Release|x64.ActiveCfg = Release|Any CPU
		{D640C1E7-94D4-411D-9171-1DD4BFAE9B45}.Release|x64.Build.0 = Release|Any CPU
		{D640C1E7-94D4-411D-9171-1DD4BFAE9B45}.Debug|AnyCPU.ActiveCfg = Debug|Any CPU
		{D640C1E7-94D4-411D-9171-1DD4BFAE9B45}.Debug|AnyCPU.Build.0 = Debug|Any CPU
		{D640C1E7-94D4-411D-9171-1DD4BFAE9B45}.Release|AnyCPU.ActiveCfg = Release|Any CPU
		{D640C1E7-94D4-411D-9171-1DD4BFAE9B45}.Release|AnyCPU.Build.0 = Release|Any CPU
		{C90A643E-AAE0-4637-93EF-15D550CE9227}.Debug|x86.ActiveCfg = Debug|Any CPU
		{C90A643E-AAE0-4637-93EF-15D550CE9227}.Debug|x86.Build.0 = Debug|Any CPU
		{C90A643E-AAE0-4637-93EF-15D550CE9227}.Release|x86.ActiveCfg = Release|Any CPU
		{C90A643E-AAE0-4637-93EF-15D550CE9227}.Release|x86.Build.0 = Release|Any CPU
		{C90A643E-AAE0-4637-93EF-15D550CE9227}.Debug|x64.ActiveCfg = Debug|Any CPU
		{C90A643E-AAE0-4637-93EF-15D550CE9227}.Debug|x64.Build.0 = Debug|Any CPU
		{C90A643E-AAE0-4637-93EF-15D550CE9227}.Release|x64.ActiveCfg = Release|Any CPU
		{C90A643E-AAE0-4637-93EF-15D550CE9227}.Release|x64.Build.0 = Release|Any CPU
		{C90A643E-AAE0-4637-93EF-15D550CE9227}.Debug|AnyCPU.ActiveCfg = Debug|Any CPU
		{C90A643E-AAE0-4637-93EF-15D550CE9227}.Debug|AnyCPU.Build.0 = Debug|Any CPU
		{C90A643E-AAE0-4637-93EF-15D550CE9227}.Release|AnyCPU.ActiveCfg = Release|Any CPU
		{C90A643E-AAE0-4637-93EF-15D550CE9227}.Release|AnyCPU.Build.0 = Release|Any CPU
		{63BD819A-A61B-409E-92BC-B9E1A4C0A575}.Debug|x86.ActiveCfg = Debug|Any CPU
		{63BD819A-A61B-409E-92BC-B9E1A4C0A575}.Debug|x86.Build.0 = Debug|Any CPU
		{63BD819A-A61B-409E-92BC-B9E1A4C0A575}.Release|x86.ActiveCfg = Release|Any CPU
		{63BD819A-A61B-409E-92BC-B9E1A4C0A575}.Release|x86.Build.0 = Release|Any CPU
		{63BD819A-A61B-409E-92BC-B9E1A4C0A575}.Debug|x64.ActiveCfg = Debug|Any CPU
		{63BD819A-A61B-409E-92BC-B9E1A4C0A575}.Debug|x64.Build.0 = Debug|Any CPU
		{63BD819A-A61B-409E-92BC-B9E1A4C0A575}.Release|x64.ActiveCfg = Release|Any CPU
		{63BD819A-A61B-409E-92BC-B9E1A4C0A575}.Release|x64.Build.0 = Release|Any CPU
		{63BD819A-A61B-409E-92BC-B9E1A4C0A575}.Debug|AnyCPU.ActiveCfg = Debug|Any CPU
		{63BD819A-A61B-409E-92BC-B9E1A4C0A575}.Debug|AnyCPU.Build.0 = Debug|Any CPU
		{63BD819A-A61B-409E-92BC-B9E1A4C0A575}.Release|AnyCPU.ActiveCfg = Release|Any CPU
		{63BD819A-A61B-409E-92BC-B9E1A4C0A575}.Release|AnyCPU.Build.0 = Release|Any CPU
		{D5EF0542-EA48-4B70-9F74-001AEF165F20}.Debug|x86.ActiveCfg = Debug|Any CPU
		{D5EF0542-EA48-4B70-9F74-001AEF165F20}.Debug|x86.Build.0 = Debug|Any CPU
		{D5EF0542-EA48-4B70-9F74-001AEF165F20}.Release|x86.ActiveCfg = Release|Any CPU
		{D5EF0542-EA48-4B70-9F74-001AEF165F20}.Release|x86.Build.0 = Release|Any CPU
		{D5EF0542-EA48-4B70-9F74-001AEF165F20}.Debug|x64.ActiveCfg = Debug|Any CPU
		{D5EF0542-EA48-4B70-9F74-001AEF165F20}.Debug|x64.Build.0 = Debug|Any CPU
		{D5EF0542-EA48-4B70-9F74-001AEF165F20}.Release|x64.ActiveCfg = Release|Any CPU
		{D5EF0542-EA48-4B70-9F74-001AEF165F20}.Release|x64.Build.0 = Release|Any CPU
		{D5EF0542-EA48-4B70-9F74-001AEF165F20}.Debug|AnyCPU.ActiveCfg = Debug|Any CPU
		{D5EF0542-EA48-4B70-9F74-001AEF165F20}.Debug|AnyCPU.Build.0 = Debug|Any CPU
		{D5EF0542-EA48-4B70-9F74-001AEF165F20}.Release|AnyCPU.ActiveCfg = Release|Any CPU
		{D5EF0542-EA48-4B70-9F74-001AEF165F20}.Release|AnyCPU.Build.0 = Release|Any CPU
		{CBFF83A4-7493-4D89-83C1-78D759EEDD94}.Debug|x86.ActiveCfg = Debug|Any CPU
		{CBFF83A4-7493-4D89-83C1-78D759EEDD94}.Debug|x86.Build.0 = Debug|Any CPU
		{CBFF83A4-7493-4D89-83C1-78D759EEDD94}.Release|x86.ActiveCfg = Release|Any CPU
		{CBFF83A4-7493-4D89-83C1-78D759EEDD94}.Release|x86.Build.0 = Release|Any CPU
		{CBFF83A4-7493-4D89-83C1-78D759EEDD94}.Debug|x64.ActiveCfg = Debug|Any CPU
		{CBFF83A4-7493-4D89-83C1-78D759EEDD94}.Debug|x64.Build.0 = Debug|Any CPU
		{CBFF83A4-7493-4D89-83C1-78D759EEDD94}.Release|x64.ActiveCfg = Release|Any CPU
		{CBFF83A4-7493-4D89-83C1-78D759EEDD94}.Release|x64.Build.0 = Release|Any CPU
		{CBFF83A4-7493-4D89-83C1-78D759EEDD94}.Debug|AnyCPU.ActiveCfg = Debug|Any CPU
		{CBFF83A4-7493-4D89-83C1-78D759EEDD94}.Debug|AnyCPU.Build.0 = Debug|Any CPU
		{CBFF83A4-7493-4D89-83C1-78D759EEDD94}.Release|AnyCPU.ActiveCfg = Release|Any CPU
		{CBFF83A4-7493-4D89-83C1-78D759EEDD94}.Release|AnyCPU.Build.0 = Release|Any CPU
		{D246FF73-7E9E-4E06-AA42-538D96C394A2}.Debug|x86.ActiveCfg = Debug|Any CPU
		{D246FF73-7E9E-4E06-AA42-538D96C394A2}.Debug|x86.Build.0 = Debug|Any CPU
		{D246FF73-7E9E-4E06-AA42-538D96C394A2}.Release|x86.ActiveCfg = Release|Any CPU
		{D246FF73-7E9E-4E06-AA42-538D96C394A2}.Release|x86.Build.0 = Release|Any CPU
		{D246FF73-7E9E-4E06-AA42-538D96C394A2}.Debug|x64.ActiveCfg = Debug|Any CPU
		{D246FF73-7E9E-4E06-AA42-538D96C394A2}.Debug|x64.Build.0 = Debug|Any CPU
		{D246FF73-7E9E-4E06-AA42-538D96C394A2}.Release|x64.ActiveCfg = Release|Any CPU
		{D246FF73-7E9E-4E06-AA42-538D96C394A2}.Release|x64.Build.0 = Release|Any CPU
		{D246FF73-7E9E-4E06-AA42-538D96C394A2}.Debug|AnyCPU.ActiveCfg = Debug|Any CPU
		{D246FF73-7E9E-4E06-AA42-538D96C394A2}.Debug|AnyCPU.Build.0 = Debug|Any CPU
		{D246FF73-7E9E-4E06-AA42-538D96C394A2}.Release|AnyCPU.ActiveCfg = Release|Any CPU
		{D246FF73-7E9E-4E06-AA42-538D96C394A2}.Release|AnyCPU.Build.0 = Release|Any CPU
		{3C227360-D146-4011-AE7C-40AADD1EBD82}.Debug|x86.ActiveCfg = Debug|Any CPU
		{3C227360-D146-4011-AE7C-40AADD1EBD82}.Debug|x86.Build.0 = Debug|Any CPU
		{3C227360-D146-4011-AE7C-40AADD1EBD82}.Release|x86.ActiveCfg = Release|Any CPU
		{3C227360-D146-4011-AE7C-40AADD1EBD82}.Release|x86.Build.0 = Release|Any CPU
		{3C227360-D146-4011-AE7C-40AADD1EBD82}.Debug|x64.ActiveCfg = Debug|Any CPU
		{3C227360-D146-4011-AE7C-40AADD1EBD82}.Debug|x64.Build.0 = Debug|Any CPU
		{3C227360-D146-4011-AE7C-40AADD1EBD82}.Release|x64.ActiveCfg = Release|Any CPU
		{3C227360-D146-4011-AE7C-40AADD1EBD82}.Release|x64.Build.0 = Release|Any CPU
		{3C227360-D146-4011-AE7C-40AADD1EBD82}.Debug|AnyCPU.ActiveCfg = Debug|Any CPU
		{3C227360-D146-4011-AE7C-40AADD1EBD82}.Debug|AnyCPU.Build.0 = Debug|Any CPU
		{3C227360-D146-4011-AE7C-40AADD1EBD82}.Release|AnyCPU.ActiveCfg = Release|Any CPU
		{3C227360-D146-4011-AE7C-40AADD1EBD82}.Release|AnyCPU.Build.0 = Release|Any CPU
		{DAB20B7A-A543-46C3-8369-9D721FA3A74A}.Debug|x86.ActiveCfg = Debug|Any CPU
		{DAB20B7A-A543-46C3-8369-9D721FA3A74A}.Debug|x86.Build.0 = Debug|Any CPU
		{DAB20B7A-A543-46C3-8369-9D721FA3A74A}.Release|x86.ActiveCfg = Release|Any CPU
		{DAB20B7A-A543-46C3-8369-9D721FA3A74A}.Release|x86.Build.0 = Release|Any CPU
		{DAB20B7A-A543-46C3-8369-9D721FA3A74A}.Debug|x64.ActiveCfg = Debug|Any CPU
		{DAB20B7A-A543-46C3-8369-9D721FA3A74A}.Debug|x64.Build.0 = Debug|Any CPU
		{DAB20B7A-A543-46C3-8369-9D721FA3A74A}.Release|x64.ActiveCfg = Release|Any CPU
		{DAB20B7A-A543-46C3-8369-9D721FA3A74A}.Release|x64.Build.0 = Release|Any CPU
		{DAB20B7A-A543-46C3-8369-9D721FA3A74A}.Debug|AnyCPU.ActiveCfg = Debug|Any CPU
		{DAB20B7A-A543-46C3-8369-9D721FA3A74A}.Debug|AnyCPU.Build.0 = Debug|Any CPU
		{DAB20B7A-A543-46C3-8369-9D721FA3A74A}.Release|AnyCPU.ActiveCfg = Release|Any CPU
		{DAB20B7A-A543-46C3-8369-9D721FA3A74A}.Release|AnyCPU.Build.0 = Release|Any CPU
	EndGlobalSection
	GlobalSection(MonoDevelopProperties) = preSolution
		StartupItem = FNA.csproj
	EndGlobalSection
	GlobalSection(NestedProjects) = preSolution
		{6CF9456D-300D-4EA7-99C9-B80776EFC790} = {BE39AE7C-FFA6-415A-A35C-08349CE2E8A8}
		{AE115228-207F-4697-BAD2-A7F199E5BFAE} = {35910BEA-C89D-4FAD-985E-DCC6E35B63D7}
		{FC5B9905-EE85-4564-AADB-70CEA206ADA8} = {AE115228-207F-4697-BAD2-A7F199E5BFAE}
		{1C2AB21B-2F6A-4FF6-9B3D-EC138073B39E} = {AE115228-207F-4697-BAD2-A7F199E5BFAE}
		{0A745272-9650-4DB3-A906-96BACE03344D} = {AE115228-207F-4697-BAD2-A7F199E5BFAE}
		{190332ED-EFF9-4463-BB0F-12B679CE8D78} = {AE115228-207F-4697-BAD2-A7F199E5BFAE}
		{C13DCA0A-3037-4E09-B550-8F8339FB1A9B} = {AE115228-207F-4697-BAD2-A7F199E5BFAE}
		{B3377A8D-FFF1-45E6-BF76-7DFD351B4F9F} = {AE115228-207F-4697-BAD2-A7F199E5BFAE}
		{D640C1E7-94D4-411D-9171-1DD4BFAE9B45} = {AE115228-207F-4697-BAD2-A7F199E5BFAE}
		{C90A643E-AAE0-4637-93EF-15D550CE9227} = {AE115228-207F-4697-BAD2-A7F199E5BFAE}
		{63BD819A-A61B-409E-92BC-B9E1A4C0A575} = {AE115228-207F-4697-BAD2-A7F199E5BFAE}
		{D5EF0542-EA48-4B70-9F74-001AEF165F20} = {AE115228-207F-4697-BAD2-A7F199E5BFAE}
		{39F33FD1-0DEA-48D0-9415-C1932E2DEC43} = {35910BEA-C89D-4FAD-985E-DCC6E35B63D7}
		{CBFF83A4-7493-4D89-83C1-78D759EEDD94} = {39F33FD1-0DEA-48D0-9415-C1932E2DEC43}
		{D246FF73-7E9E-4E06-AA42-538D96C394A2} = {AE115228-207F-4697-BAD2-A7F199E5BFAE}
		{3C227360-D146-4011-AE7C-40AADD1EBD82} = {AE115228-207F-4697-BAD2-A7F199E5BFAE}
		{DAB20B7A-A543-46C3-8369-9D721FA3A74A} = {BE39AE7C-FFA6-415A-A35C-08349CE2E8A8}
	EndGlobalSection
EndGlobal
